// !$*UTF8*$!
{
	archiveVersion = 1;
	classes = {
	};
	objectVersion = 46;
	objects = {

/* Begin PBXBuildFile section */
		2A0C056B1D7B157F0018D865 /* Lander.cpp in Sources */ = {isa = PBXBuildFile; fileRef = 2A0C056A1D7B157F0018D865 /* Lander.cpp */; };
		2A0D28261D8B4856001AC162 /* AccelerationEvent.cpp in Sources */ = {isa = PBXBuildFile; fileRef = 2A0D28251D8B4856001AC162 /* AccelerationEvent.cpp */; };
		2A0E36C21D8DE44700C531DC /* Actor.cpp in Sources */ = {isa = PBXBuildFile; fileRef = 2A0E36C11D8DE44700C531DC /* Actor.cpp */; };
		2A1303F2157BBFD900A89134 /* ParticlesRenderer.cpp in Sources */ = {isa = PBXBuildFile; fileRef = 2A1303F1157BBFD900A89134 /* ParticlesRenderer.cpp */; };
		2A13520A1D84A20800F0AADF /* Actions.cpp in Sources */ = {isa = PBXBuildFile; fileRef = 2A1352091D84A20800F0AADF /* Actions.cpp */; };
		2A137B9515508165000EDEA7 /* LanderGeometry.cpp in Sources */ = {isa = PBXBuildFile; fileRef = 2A137B9415508165000EDEA7 /* LanderGeometry.cpp */; };
		2A1AF9551A475DE9007D20A6 /* GameLogic.cpp in Sources */ = {isa = PBXBuildFile; fileRef = 2A1AF9541A475DE9007D20A6 /* GameLogic.cpp */; };
		2A2A612A166D1E980073658E /* Zarch.cpp in Sources */ = {isa = PBXBuildFile; fileRef = 2A2A6128166D1E960073658E /* Zarch.cpp */; };
		2A2BF0D61560556000F6A771 /* MapParameters.cpp in Sources */ = {isa = PBXBuildFile; fileRef = 2A2BF0D51560556000F6A771 /* MapParameters.cpp */; };
		2A3046461D6D07CC007ED737 /* FrameGeneratedEvent.cpp in Sources */ = {isa = PBXBuildFile; fileRef = 2A3046451D6D07CC007ED737 /* FrameGeneratedEvent.cpp */; };
		2A30464A1D734210007ED737 /* UpdatePhysicsEvent.cpp in Sources */ = {isa = PBXBuildFile; fileRef = 2A3046491D734210007ED737 /* UpdatePhysicsEvent.cpp */; };
		2A30464C1D734246007ED737 /* PhysicsUpdatedEvent.cpp in Sources */ = {isa = PBXBuildFile; fileRef = 2A30464B1D734246007ED737 /* PhysicsUpdatedEvent.cpp */; };
		2A3C13DD14F6ECC70091BD84 /* UIKit.framework in Frameworks */ = {isa = PBXBuildFile; fileRef = 2A3C13DC14F6ECC70091BD84 /* UIKit.framework */; };
		2A3C13DF14F6ECC70091BD84 /* Foundation.framework in Frameworks */ = {isa = PBXBuildFile; fileRef = 2A3C13DE14F6ECC70091BD84 /* Foundation.framework */; };
		2A3C13E114F6ECC70091BD84 /* CoreGraphics.framework in Frameworks */ = {isa = PBXBuildFile; fileRef = 2A3C13E014F6ECC70091BD84 /* CoreGraphics.framework */; };
		2A3C13E314F6ECC70091BD84 /* GLKit.framework in Frameworks */ = {isa = PBXBuildFile; fileRef = 2A3C13E214F6ECC70091BD84 /* GLKit.framework */; };
		2A3C13E514F6ECC70091BD84 /* OpenGLES.framework in Frameworks */ = {isa = PBXBuildFile; fileRef = 2A3C13E414F6ECC70091BD84 /* OpenGLES.framework */; };
		2A3C13EB14F6ECC70091BD84 /* InfoPlist.strings in Resources */ = {isa = PBXBuildFile; fileRef = 2A3C13E914F6ECC70091BD84 /* InfoPlist.strings */; };
		2A3C13ED14F6ECC70091BD84 /* main.mm in Sources */ = {isa = PBXBuildFile; fileRef = 2A3C13EC14F6ECC70091BD84 /* main.mm */; };
		2A3C13F114F6ECC70091BD84 /* KXMAppDelegate.m in Sources */ = {isa = PBXBuildFile; fileRef = 2A3C13F014F6ECC70091BD84 /* KXMAppDelegate.m */; };
		2A3C13F814F6ECC70091BD84 /* KXMViewController.mm in Sources */ = {isa = PBXBuildFile; fileRef = 2A3C13F714F6ECC70091BD84 /* KXMViewController.mm */; };
		2A3C13FB14F6ECC70091BD84 /* KXMViewController_iPhone.xib in Resources */ = {isa = PBXBuildFile; fileRef = 2A3C13F914F6ECC70091BD84 /* KXMViewController_iPhone.xib */; };
		2A3C13FE14F6ECC70091BD84 /* KXMViewController_iPad.xib in Resources */ = {isa = PBXBuildFile; fileRef = 2A3C13FC14F6ECC70091BD84 /* KXMViewController_iPad.xib */; };
		2A41FB1D171204E100A078CF /* Simulation.cpp in Sources */ = {isa = PBXBuildFile; fileRef = 2A41FB1B171204E100A078CF /* Simulation.cpp */; };
		2A41FB20171204F900A078CF /* Presentation.cpp in Sources */ = {isa = PBXBuildFile; fileRef = 2A41FB1E171204F900A078CF /* Presentation.cpp */; };
		2A4B91CB1C0399810079ACD6 /* Default-568h@2x.png in Resources */ = {isa = PBXBuildFile; fileRef = 2A4B91CA1C0399810079ACD6 /* Default-568h@2x.png */; };
		2A5E8AD41A114AAE0000617C /* ControlsEvent.cpp in Sources */ = {isa = PBXBuildFile; fileRef = 2A5E8AD31A114AAE0000617C /* ControlsEvent.cpp */; };
		2A5E8AD61A114AD00000617C /* MoveEvent.cpp in Sources */ = {isa = PBXBuildFile; fileRef = 2A5E8AD51A114AD00000617C /* MoveEvent.cpp */; };
		2A5E8AD81A114AEA0000617C /* VelocityEvent.cpp in Sources */ = {isa = PBXBuildFile; fileRef = 2A5E8AD71A114AEA0000617C /* VelocityEvent.cpp */; };
		2A5F063E1D85E68A00D50D2E /* PhysicsOverrideEvent.cpp in Sources */ = {isa = PBXBuildFile; fileRef = 2A5F063D1D85E68A00D50D2E /* PhysicsOverrideEvent.cpp */; };
		2A5F06411D8730FA00D50D2E /* Lander.cpp in Sources */ = {isa = PBXBuildFile; fileRef = 2A5F06401D8730FA00D50D2E /* Lander.cpp */; };
		2A5F06441D87371A00D50D2E /* Shot.cpp in Sources */ = {isa = PBXBuildFile; fileRef = 2A5F06431D87371A00D50D2E /* Shot.cpp */; };
		2A5F06471D873CCF00D50D2E /* Shot.cpp in Sources */ = {isa = PBXBuildFile; fileRef = 2A5F06461D873CCF00D50D2E /* Shot.cpp */; };
		2A5F064C1D874A9D00D50D2E /* Shot.cpp in Sources */ = {isa = PBXBuildFile; fileRef = 2A5F064B1D874A9D00D50D2E /* Shot.cpp */; };
		2A65AF5215361E710054F8E9 /* Camera.cpp in Sources */ = {isa = PBXBuildFile; fileRef = 2A65AF4B15361E700054F8E9 /* Camera.cpp */; };
		2A65AF5315361E710054F8E9 /* CoordSys.cpp in Sources */ = {isa = PBXBuildFile; fileRef = 2A65AF4C15361E700054F8E9 /* CoordSys.cpp */; };
		2A65AF5415361E710054F8E9 /* CoordSysCore.cpp in Sources */ = {isa = PBXBuildFile; fileRef = 2A65AF4D15361E700054F8E9 /* CoordSysCore.cpp */; };
		2A65AF5515361E710054F8E9 /* Geode.cpp in Sources */ = {isa = PBXBuildFile; fileRef = 2A65AF4E15361E700054F8E9 /* Geode.cpp */; };
		2A65AF5615361E710054F8E9 /* PerspectiveProjection.cpp in Sources */ = {isa = PBXBuildFile; fileRef = 2A65AF4F15361E700054F8E9 /* PerspectiveProjection.cpp */; };
		2A65AF5715361E710054F8E9 /* SceneGraphNode.cpp in Sources */ = {isa = PBXBuildFile; fileRef = 2A65AF5015361E700054F8E9 /* SceneGraphNode.cpp */; };
		2A65AF5815361E710054F8E9 /* TestTriangle.cpp in Sources */ = {isa = PBXBuildFile; fileRef = 2A65AF5115361E710054F8E9 /* TestTriangle.cpp */; };
		2A663A621D8C7AE400437612 /* TimeEvent.cpp in Sources */ = {isa = PBXBuildFile; fileRef = 2A663A611D8C7AE400437612 /* TimeEvent.cpp */; };
		2A663A651D8CA07A00437612 /* Actor.cpp in Sources */ = {isa = PBXBuildFile; fileRef = 2A663A641D8CA07A00437612 /* Actor.cpp */; };
		2A6A2B631D8759C500DAC9D5 /* ActorTerminationEvent.cpp in Sources */ = {isa = PBXBuildFile; fileRef = 2A6A2B621D8759C500DAC9D5 /* ActorTerminationEvent.cpp */; };
		2A8AD4D6172D51ED007290C7 /* Physics.cpp in Sources */ = {isa = PBXBuildFile; fileRef = 2A8AD4D4172D51ED007290C7 /* Physics.cpp */; };
		2A8AD4DA172D7738007290C7 /* Lander.cpp in Sources */ = {isa = PBXBuildFile; fileRef = 2A8AD4D8172D7737007290C7 /* Lander.cpp */; };
		2A8AD4DE172D8527007290C7 /* Video.cpp in Sources */ = {isa = PBXBuildFile; fileRef = 2A8AD4DC172D8527007290C7 /* Video.cpp */; };
		2A8DFDBF1D8DCE8100E22E0D /* Buffer.cpp in Sources */ = {isa = PBXBuildFile; fileRef = 2A8DFDBB1D8DCE8100E22E0D /* Buffer.cpp */; };
		2A8DFDC01D8DCE8100E22E0D /* Interface.cpp in Sources */ = {isa = PBXBuildFile; fileRef = 2A8DFDBC1D8DCE8100E22E0D /* Interface.cpp */; };
		2A8DFDC11D8DCE8100E22E0D /* IntModN.cpp in Sources */ = {isa = PBXBuildFile; fileRef = 2A8DFDBD1D8DCE8100E22E0D /* IntModN.cpp */; };
		2A8DFDC21D8DCE8100E22E0D /* logging.cpp in Sources */ = {isa = PBXBuildFile; fileRef = 2A8DFDBE1D8DCE8100E22E0D /* logging.cpp */; };
		2A9D7C1E154D9DF700D7DE2F /* CoreMotion.framework in Frameworks */ = {isa = PBXBuildFile; fileRef = 2A9D7C1D154D9DF700D7DE2F /* CoreMotion.framework */; };
		2AA9C65A1D67BD29003FD5D7 /* EventLoopHub.cpp in Sources */ = {isa = PBXBuildFile; fileRef = 2AA9C6591D67BD29003FD5D7 /* EventLoopHub.cpp */; };
		2AAC256215811661004A37C6 /* KXMGLView.mm in Sources */ = {isa = PBXBuildFile; fileRef = 2AAC256115811661004A37C6 /* KXMGLView.mm */; };
		2AAC25651584F405004A37C6 /* AgeColoredParticles.cpp in Sources */ = {isa = PBXBuildFile; fileRef = 2AAC25641584F405004A37C6 /* AgeColoredParticles.cpp */; };
		2AAC2568158D238A004A37C6 /* TerrainRenderer.cpp in Sources */ = {isa = PBXBuildFile; fileRef = 2AAC2567158D238A004A37C6 /* TerrainRenderer.cpp */; };
		2ABE9CDC17305EC700F5251C /* StarField.cpp in Sources */ = {isa = PBXBuildFile; fileRef = 2ABE9CDB17305EC700F5251C /* StarField.cpp */; };
		2AC40A221556CEC700026789 /* Range.cpp in Sources */ = {isa = PBXBuildFile; fileRef = 2AC40A211556CEC700026789 /* Range.cpp */; };
		2AD5C1401C18DD3600B2CD92 /* EventHandlerCore.cpp in Sources */ = {isa = PBXBuildFile; fileRef = 2AD5C13F1C18DD3600B2CD92 /* EventHandlerCore.cpp */; };
		2ADD5C221A0175F1006533B8 /* Event.cpp in Sources */ = {isa = PBXBuildFile; fileRef = 2ADD5C211A0175F1006533B8 /* Event.cpp */; };
		2ADF9AF11D777CD3006C0B67 /* ActorNaming.cpp in Sources */ = {isa = PBXBuildFile; fileRef = 2ADF9AF01D777CD3006C0B67 /* ActorNaming.cpp */; };
		2ADF9AF71D778F56006C0B67 /* InitializationEvent.cpp in Sources */ = {isa = PBXBuildFile; fileRef = 2ADF9AF61D778F56006C0B67 /* InitializationEvent.cpp */; };
		2ADF9AF91D778F6E006C0B67 /* ActorCreationEvent.cpp in Sources */ = {isa = PBXBuildFile; fileRef = 2ADF9AF81D778F6E006C0B67 /* ActorCreationEvent.cpp */; };
		2AECEF63154D6CC900033D14 /* Terrain.cpp in Sources */ = {isa = PBXBuildFile; fileRef = 2AECEF62154D6CC900033D14 /* Terrain.cpp */; };
		2AEECB37155EB90800AC21A2 /* Particles.cpp in Sources */ = {isa = PBXBuildFile; fileRef = 2AEECB36155EB90800AC21A2 /* Particles.cpp */; };
/* End PBXBuildFile section */

/* Begin PBXFileReference section */
		2A0C056A1D7B157F0018D865 /* Lander.cpp */ = {isa = PBXFileReference; fileEncoding = 4; lastKnownFileType = sourcecode.cpp.cpp; name = Lander.cpp; path = ../../../src/Zarch/Video/Lander.cpp; sourceTree = "<group>"; };
		2A0D28251D8B4856001AC162 /* AccelerationEvent.cpp */ = {isa = PBXFileReference; fileEncoding = 4; lastKnownFileType = sourcecode.cpp.cpp; name = AccelerationEvent.cpp; path = ../../../src/Zarch/Events/AccelerationEvent.cpp; sourceTree = "<group>"; };
		2A0E36C01D8DE3A100C531DC /* Actor.h */ = {isa = PBXFileReference; lastKnownFileType = sourcecode.c.h; path = Actor.h; sourceTree = "<group>"; };
		2A0E36C11D8DE44700C531DC /* Actor.cpp */ = {isa = PBXFileReference; fileEncoding = 4; lastKnownFileType = sourcecode.cpp.cpp; name = Actor.cpp; path = ../../../src/Zarch/GameLogic/Actor.cpp; sourceTree = "<group>"; };
		2A1303F1157BBFD900A89134 /* ParticlesRenderer.cpp */ = {isa = PBXFileReference; fileEncoding = 4; lastKnownFileType = sourcecode.cpp.cpp; name = ParticlesRenderer.cpp; path = ../../../src/Vectoid/ParticlesRenderer.cpp; sourceTree = "<group>"; };
		2A1352091D84A20800F0AADF /* Actions.cpp */ = {isa = PBXFileReference; fileEncoding = 4; lastKnownFileType = sourcecode.cpp.cpp; name = Actions.cpp; path = ../../../src/Game/Actions.cpp; sourceTree = "<group>"; };
		2A137B9415508165000EDEA7 /* LanderGeometry.cpp */ = {isa = PBXFileReference; fileEncoding = 4; lastKnownFileType = sourcecode.cpp.cpp; name = LanderGeometry.cpp; path = ../../../src/Zarch/LanderGeometry.cpp; sourceTree = "<group>"; };
		2A1AF9541A475DE9007D20A6 /* GameLogic.cpp */ = {isa = PBXFileReference; fileEncoding = 4; lastKnownFileType = sourcecode.cpp.cpp; name = GameLogic.cpp; path = ../../../src/Zarch/GameLogic/GameLogic.cpp; sourceTree = "<group>"; };
		2A2A6128166D1E960073658E /* Zarch.cpp */ = {isa = PBXFileReference; fileEncoding = 4; lastKnownFileType = sourcecode.cpp.cpp; name = Zarch.cpp; path = ../../../src/Zarch/Zarch.cpp; sourceTree = "<group>"; };
		2A2BF0D51560556000F6A771 /* MapParameters.cpp */ = {isa = PBXFileReference; fileEncoding = 4; lastKnownFileType = sourcecode.cpp.cpp; name = MapParameters.cpp; path = ../../../src/Zarch/MapParameters.cpp; sourceTree = "<group>"; };
		2A3046451D6D07CC007ED737 /* FrameGeneratedEvent.cpp */ = {isa = PBXFileReference; fileEncoding = 4; lastKnownFileType = sourcecode.cpp.cpp; name = FrameGeneratedEvent.cpp; path = ../../../src/Zarch/Events/FrameGeneratedEvent.cpp; sourceTree = "<group>"; };
		2A3046491D734210007ED737 /* UpdatePhysicsEvent.cpp */ = {isa = PBXFileReference; fileEncoding = 4; lastKnownFileType = sourcecode.cpp.cpp; name = UpdatePhysicsEvent.cpp; path = ../../../src/Zarch/Events/UpdatePhysicsEvent.cpp; sourceTree = "<group>"; };
		2A30464B1D734246007ED737 /* PhysicsUpdatedEvent.cpp */ = {isa = PBXFileReference; fileEncoding = 4; lastKnownFileType = sourcecode.cpp.cpp; name = PhysicsUpdatedEvent.cpp; path = ../../../src/Zarch/Events/PhysicsUpdatedEvent.cpp; sourceTree = "<group>"; };
		2A3C13D814F6ECC70091BD84 /* Zarch.app */ = {isa = PBXFileReference; explicitFileType = wrapper.application; includeInIndex = 0; path = Zarch.app; sourceTree = BUILT_PRODUCTS_DIR; };
		2A3C13DC14F6ECC70091BD84 /* UIKit.framework */ = {isa = PBXFileReference; lastKnownFileType = wrapper.framework; name = UIKit.framework; path = System/Library/Frameworks/UIKit.framework; sourceTree = SDKROOT; };
		2A3C13DE14F6ECC70091BD84 /* Foundation.framework */ = {isa = PBXFileReference; lastKnownFileType = wrapper.framework; name = Foundation.framework; path = System/Library/Frameworks/Foundation.framework; sourceTree = SDKROOT; };
		2A3C13E014F6ECC70091BD84 /* CoreGraphics.framework */ = {isa = PBXFileReference; lastKnownFileType = wrapper.framework; name = CoreGraphics.framework; path = System/Library/Frameworks/CoreGraphics.framework; sourceTree = SDKROOT; };
		2A3C13E214F6ECC70091BD84 /* GLKit.framework */ = {isa = PBXFileReference; lastKnownFileType = wrapper.framework; name = GLKit.framework; path = System/Library/Frameworks/GLKit.framework; sourceTree = SDKROOT; };
		2A3C13E414F6ECC70091BD84 /* OpenGLES.framework */ = {isa = PBXFileReference; lastKnownFileType = wrapper.framework; name = OpenGLES.framework; path = System/Library/Frameworks/OpenGLES.framework; sourceTree = SDKROOT; };
		2A3C13E814F6ECC70091BD84 /* Zarch-Info.plist */ = {isa = PBXFileReference; lastKnownFileType = text.plist.xml; path = "Zarch-Info.plist"; sourceTree = "<group>"; };
		2A3C13EA14F6ECC70091BD84 /* en */ = {isa = PBXFileReference; lastKnownFileType = text.plist.strings; name = en; path = en.lproj/InfoPlist.strings; sourceTree = "<group>"; };
		2A3C13EC14F6ECC70091BD84 /* main.mm */ = {isa = PBXFileReference; lastKnownFileType = sourcecode.cpp.objcpp; path = main.mm; sourceTree = "<group>"; };
		2A3C13EE14F6ECC70091BD84 /* Zarch-Prefix.pch */ = {isa = PBXFileReference; lastKnownFileType = sourcecode.c.h; path = "Zarch-Prefix.pch"; sourceTree = "<group>"; };
		2A3C13EF14F6ECC70091BD84 /* KXMAppDelegate.h */ = {isa = PBXFileReference; lastKnownFileType = sourcecode.c.h; name = KXMAppDelegate.h; path = kxm/KXMAppDelegate.h; sourceTree = "<group>"; };
		2A3C13F014F6ECC70091BD84 /* KXMAppDelegate.m */ = {isa = PBXFileReference; lastKnownFileType = sourcecode.c.objc; name = KXMAppDelegate.m; path = kxm/KXMAppDelegate.m; sourceTree = "<group>"; };
		2A3C13F614F6ECC70091BD84 /* KXMViewController.h */ = {isa = PBXFileReference; lastKnownFileType = sourcecode.c.h; name = KXMViewController.h; path = kxm/KXMViewController.h; sourceTree = "<group>"; };
		2A3C13F714F6ECC70091BD84 /* KXMViewController.mm */ = {isa = PBXFileReference; lastKnownFileType = sourcecode.cpp.objcpp; name = KXMViewController.mm; path = kxm/KXMViewController.mm; sourceTree = "<group>"; };
		2A3C13FA14F6ECC70091BD84 /* en */ = {isa = PBXFileReference; lastKnownFileType = file.xib; name = en; path = en.lproj/KXMViewController_iPhone.xib; sourceTree = "<group>"; };
		2A3C13FD14F6ECC70091BD84 /* en */ = {isa = PBXFileReference; lastKnownFileType = file.xib; name = en; path = en.lproj/KXMViewController_iPad.xib; sourceTree = "<group>"; };
		2A41FB1B171204E100A078CF /* Simulation.cpp */ = {isa = PBXFileReference; fileEncoding = 4; lastKnownFileType = sourcecode.cpp.cpp; name = Simulation.cpp; path = ../../../src/Zarch/Simulation.cpp; sourceTree = "<group>"; };
		2A41FB1E171204F900A078CF /* Presentation.cpp */ = {isa = PBXFileReference; fileEncoding = 4; lastKnownFileType = sourcecode.cpp.cpp; name = Presentation.cpp; path = ../../../src/Zarch/Presentation.cpp; sourceTree = "<group>"; };
		2A4B91CA1C0399810079ACD6 /* Default-568h@2x.png */ = {isa = PBXFileReference; lastKnownFileType = image.png; path = "Default-568h@2x.png"; sourceTree = "<group>"; };
		2A5E8AD31A114AAE0000617C /* ControlsEvent.cpp */ = {isa = PBXFileReference; fileEncoding = 4; lastKnownFileType = sourcecode.cpp.cpp; name = ControlsEvent.cpp; path = ../../../src/Zarch/Events/ControlsEvent.cpp; sourceTree = "<group>"; };
		2A5E8AD51A114AD00000617C /* MoveEvent.cpp */ = {isa = PBXFileReference; fileEncoding = 4; lastKnownFileType = sourcecode.cpp.cpp; name = MoveEvent.cpp; path = ../../../src/Zarch/Events/MoveEvent.cpp; sourceTree = "<group>"; };
		2A5E8AD71A114AEA0000617C /* VelocityEvent.cpp */ = {isa = PBXFileReference; fileEncoding = 4; lastKnownFileType = sourcecode.cpp.cpp; name = VelocityEvent.cpp; path = ../../../src/Zarch/Events/VelocityEvent.cpp; sourceTree = "<group>"; };
		2A5F063D1D85E68A00D50D2E /* PhysicsOverrideEvent.cpp */ = {isa = PBXFileReference; fileEncoding = 4; lastKnownFileType = sourcecode.cpp.cpp; name = PhysicsOverrideEvent.cpp; path = ../../../src/Zarch/Events/PhysicsOverrideEvent.cpp; sourceTree = "<group>"; };
		2A5F06401D8730FA00D50D2E /* Lander.cpp */ = {isa = PBXFileReference; fileEncoding = 4; lastKnownFileType = sourcecode.cpp.cpp; name = Lander.cpp; path = ../../../src/Zarch/GameLogic/Lander.cpp; sourceTree = "<group>"; };
		2A5F06431D87371A00D50D2E /* Shot.cpp */ = {isa = PBXFileReference; fileEncoding = 4; lastKnownFileType = sourcecode.cpp.cpp; name = Shot.cpp; path = ../../../src/Zarch/GameLogic/Shot.cpp; sourceTree = "<group>"; };
		2A5F06461D873CCF00D50D2E /* Shot.cpp */ = {isa = PBXFileReference; fileEncoding = 4; lastKnownFileType = sourcecode.cpp.cpp; name = Shot.cpp; path = ../../../src/Zarch/Video/Shot.cpp; sourceTree = "<group>"; };
		2A5F064B1D874A9D00D50D2E /* Shot.cpp */ = {isa = PBXFileReference; fileEncoding = 4; lastKnownFileType = sourcecode.cpp.cpp; name = Shot.cpp; path = ../../../src/Zarch/Physics/Shot.cpp; sourceTree = "<group>"; };
		2A65AF4B15361E700054F8E9 /* Camera.cpp */ = {isa = PBXFileReference; fileEncoding = 4; lastKnownFileType = sourcecode.cpp.cpp; name = Camera.cpp; path = ../../../src/Vectoid/Camera.cpp; sourceTree = "<group>"; };
		2A65AF4C15361E700054F8E9 /* CoordSys.cpp */ = {isa = PBXFileReference; fileEncoding = 4; lastKnownFileType = sourcecode.cpp.cpp; name = CoordSys.cpp; path = ../../../src/Vectoid/CoordSys.cpp; sourceTree = "<group>"; };
		2A65AF4D15361E700054F8E9 /* CoordSysCore.cpp */ = {isa = PBXFileReference; fileEncoding = 4; lastKnownFileType = sourcecode.cpp.cpp; name = CoordSysCore.cpp; path = ../../../src/Vectoid/CoordSysCore.cpp; sourceTree = "<group>"; };
		2A65AF4E15361E700054F8E9 /* Geode.cpp */ = {isa = PBXFileReference; fileEncoding = 4; lastKnownFileType = sourcecode.cpp.cpp; name = Geode.cpp; path = ../../../src/Vectoid/Geode.cpp; sourceTree = "<group>"; };
		2A65AF4F15361E700054F8E9 /* PerspectiveProjection.cpp */ = {isa = PBXFileReference; fileEncoding = 4; lastKnownFileType = sourcecode.cpp.cpp; name = PerspectiveProjection.cpp; path = ../../../src/Vectoid/PerspectiveProjection.cpp; sourceTree = "<group>"; };
		2A65AF5015361E700054F8E9 /* SceneGraphNode.cpp */ = {isa = PBXFileReference; fileEncoding = 4; lastKnownFileType = sourcecode.cpp.cpp; name = SceneGraphNode.cpp; path = ../../../src/Vectoid/SceneGraphNode.cpp; sourceTree = "<group>"; };
		2A65AF5115361E710054F8E9 /* TestTriangle.cpp */ = {isa = PBXFileReference; fileEncoding = 4; lastKnownFileType = sourcecode.cpp.cpp; name = TestTriangle.cpp; path = ../../../src/Vectoid/TestTriangle.cpp; sourceTree = "<group>"; };
		2A663A611D8C7AE400437612 /* TimeEvent.cpp */ = {isa = PBXFileReference; fileEncoding = 4; lastKnownFileType = sourcecode.cpp.cpp; name = TimeEvent.cpp; path = ../../../src/Zarch/Events/TimeEvent.cpp; sourceTree = "<group>"; };
		2A663A641D8CA07A00437612 /* Actor.cpp */ = {isa = PBXFileReference; fileEncoding = 4; lastKnownFileType = sourcecode.cpp.cpp; name = Actor.cpp; path = ../../../src/Zarch/Physics/Actor.cpp; sourceTree = "<group>"; };
		2A6A2B621D8759C500DAC9D5 /* ActorTerminationEvent.cpp */ = {isa = PBXFileReference; fileEncoding = 4; lastKnownFileType = sourcecode.cpp.cpp; name = ActorTerminationEvent.cpp; path = ../../../src/Zarch/Events/ActorTerminationEvent.cpp; sourceTree = "<group>"; };
		2A8AD4D4172D51ED007290C7 /* Physics.cpp */ = {isa = PBXFileReference; fileEncoding = 4; lastKnownFileType = sourcecode.cpp.cpp; name = Physics.cpp; path = ../../../src/Zarch/Physics/Physics.cpp; sourceTree = "<group>"; };
		2A8AD4D8172D7737007290C7 /* Lander.cpp */ = {isa = PBXFileReference; fileEncoding = 4; lastKnownFileType = sourcecode.cpp.cpp; name = Lander.cpp; path = ../../../src/Zarch/Physics/Lander.cpp; sourceTree = "<group>"; };
		2A8AD4DC172D8527007290C7 /* Video.cpp */ = {isa = PBXFileReference; fileEncoding = 4; lastKnownFileType = sourcecode.cpp.cpp; name = Video.cpp; path = ../../../src/Zarch/Video/Video.cpp; sourceTree = "<group>"; };
		2A8DFD6C1D8DCE6300E22E0D /* ActionInterface.h */ = {isa = PBXFileReference; fileEncoding = 4; lastKnownFileType = sourcecode.c.h; path = ActionInterface.h; sourceTree = "<group>"; };
		2A8DFD6D1D8DCE6300E22E0D /* Buffer.h */ = {isa = PBXFileReference; fileEncoding = 4; lastKnownFileType = sourcecode.c.h; path = Buffer.h; sourceTree = "<group>"; };
		2A8DFD6E1D8DCE6300E22E0D /* config.h */ = {isa = PBXFileReference; fileEncoding = 4; lastKnownFileType = sourcecode.c.h; path = config.h; sourceTree = "<group>"; };
		2A8DFD6F1D8DCE6300E22E0D /* Interface.h */ = {isa = PBXFileReference; fileEncoding = 4; lastKnownFileType = sourcecode.c.h; path = Interface.h; sourceTree = "<group>"; };
		2A8DFD701D8DCE6300E22E0D /* IntModN.h */ = {isa = PBXFileReference; fileEncoding = 4; lastKnownFileType = sourcecode.c.h; path = IntModN.h; sourceTree = "<group>"; };
		2A8DFD711D8DCE6300E22E0D /* logging.h */ = {isa = PBXFileReference; fileEncoding = 4; lastKnownFileType = sourcecode.c.h; path = logging.h; sourceTree = "<group>"; };
		2A8DFD721D8DCE6300E22E0D /* NumberTools.h */ = {isa = PBXFileReference; fileEncoding = 4; lastKnownFileType = sourcecode.c.h; path = NumberTools.h; sourceTree = "<group>"; };
		2A8DFD731D8DCE6300E22E0D /* ReusableItems.h */ = {isa = PBXFileReference; fileEncoding = 4; lastKnownFileType = sourcecode.c.h; path = ReusableItems.h; sourceTree = "<group>"; };
		2A8DFD741D8DCE6300E22E0D /* terminal.h */ = {isa = PBXFileReference; fileEncoding = 4; lastKnownFileType = sourcecode.c.h; path = terminal.h; sourceTree = "<group>"; };
		2A8DFD761D8DCE6300E22E0D /* Actions.h */ = {isa = PBXFileReference; fileEncoding = 4; lastKnownFileType = sourcecode.c.h; path = Actions.h; sourceTree = "<group>"; };
		2A8DFD771D8DCE6300E22E0D /* ActorMap.h */ = {isa = PBXFileReference; fileEncoding = 4; lastKnownFileType = sourcecode.c.h; path = ActorMap.h; sourceTree = "<group>"; };
		2A8DFD781D8DCE6300E22E0D /* ActorName.h */ = {isa = PBXFileReference; fileEncoding = 4; lastKnownFileType = sourcecode.c.h; path = ActorName.h; sourceTree = "<group>"; };
		2A8DFD791D8DCE6300E22E0D /* ActorNaming.h */ = {isa = PBXFileReference; fileEncoding = 4; lastKnownFileType = sourcecode.c.h; path = ActorNaming.h; sourceTree = "<group>"; };
		2A8DFD7A1D8DCE6300E22E0D /* Event.h */ = {isa = PBXFileReference; fileEncoding = 4; lastKnownFileType = sourcecode.c.h; path = Event.h; sourceTree = "<group>"; };
		2A8DFD7B1D8DCE6300E22E0D /* EventLoop.h */ = {isa = PBXFileReference; fileEncoding = 4; lastKnownFileType = sourcecode.c.h; path = EventLoop.h; sourceTree = "<group>"; };
		2A8DFD7C1D8DCE6300E22E0D /* EventLoopHub.h */ = {isa = PBXFileReference; fileEncoding = 4; lastKnownFileType = sourcecode.c.h; path = EventLoopHub.h; sourceTree = "<group>"; };
		2A8DFD7D1D8DCE6300E22E0D /* ReusableActors.h */ = {isa = PBXFileReference; fileEncoding = 4; lastKnownFileType = sourcecode.c.h; path = ReusableActors.h; sourceTree = "<group>"; };
		2A8DFD7F1D8DCE6300E22E0D /* AgeColoredParticles.h */ = {isa = PBXFileReference; fileEncoding = 4; lastKnownFileType = sourcecode.c.h; path = AgeColoredParticles.h; sourceTree = "<group>"; };
		2A8DFD801D8DCE6300E22E0D /* Camera.h */ = {isa = PBXFileReference; fileEncoding = 4; lastKnownFileType = sourcecode.c.h; path = Camera.h; sourceTree = "<group>"; };
		2A8DFD811D8DCE6300E22E0D /* CoordSys.h */ = {isa = PBXFileReference; fileEncoding = 4; lastKnownFileType = sourcecode.c.h; path = CoordSys.h; sourceTree = "<group>"; };
		2A8DFD821D8DCE6300E22E0D /* CoordSysCore.h */ = {isa = PBXFileReference; fileEncoding = 4; lastKnownFileType = sourcecode.c.h; path = CoordSysCore.h; sourceTree = "<group>"; };
		2A8DFD831D8DCE6300E22E0D /* CoordSysInterface.h */ = {isa = PBXFileReference; fileEncoding = 4; lastKnownFileType = sourcecode.c.h; path = CoordSysInterface.h; sourceTree = "<group>"; };
		2A8DFD841D8DCE6300E22E0D /* Geode.h */ = {isa = PBXFileReference; fileEncoding = 4; lastKnownFileType = sourcecode.c.h; path = Geode.h; sourceTree = "<group>"; };
		2A8DFD851D8DCE6300E22E0D /* GeometryInterface.h */ = {isa = PBXFileReference; fileEncoding = 4; lastKnownFileType = sourcecode.c.h; path = GeometryInterface.h; sourceTree = "<group>"; };
		2A8DFD861D8DCE6300E22E0D /* OpenGL.h */ = {isa = PBXFileReference; fileEncoding = 4; lastKnownFileType = sourcecode.c.h; path = OpenGL.h; sourceTree = "<group>"; };
		2A8DFD871D8DCE6300E22E0D /* Particles.h */ = {isa = PBXFileReference; fileEncoding = 4; lastKnownFileType = sourcecode.c.h; path = Particles.h; sourceTree = "<group>"; };
		2A8DFD881D8DCE6300E22E0D /* ParticlesRenderer.h */ = {isa = PBXFileReference; fileEncoding = 4; lastKnownFileType = sourcecode.c.h; path = ParticlesRenderer.h; sourceTree = "<group>"; };
		2A8DFD891D8DCE6300E22E0D /* PerspectiveProjection.h */ = {isa = PBXFileReference; fileEncoding = 4; lastKnownFileType = sourcecode.c.h; path = PerspectiveProjection.h; sourceTree = "<group>"; };
		2A8DFD8A1D8DCE6300E22E0D /* Range.h */ = {isa = PBXFileReference; fileEncoding = 4; lastKnownFileType = sourcecode.c.h; path = Range.h; sourceTree = "<group>"; };
		2A8DFD8B1D8DCE6300E22E0D /* SceneGraphNode.h */ = {isa = PBXFileReference; fileEncoding = 4; lastKnownFileType = sourcecode.c.h; path = SceneGraphNode.h; sourceTree = "<group>"; };
		2A8DFD8C1D8DCE6300E22E0D /* TestTriangle.h */ = {isa = PBXFileReference; fileEncoding = 4; lastKnownFileType = sourcecode.c.h; path = TestTriangle.h; sourceTree = "<group>"; };
		2A8DFD8D1D8DCE6300E22E0D /* Transform.h */ = {isa = PBXFileReference; fileEncoding = 4; lastKnownFileType = sourcecode.c.h; path = Transform.h; sourceTree = "<group>"; };
		2A8DFD8E1D8DCE6300E22E0D /* Vector.h */ = {isa = PBXFileReference; fileEncoding = 4; lastKnownFileType = sourcecode.c.h; path = Vector.h; sourceTree = "<group>"; };
		2A8DFD901D8DCE6300E22E0D /* ActorInfo.h */ = {isa = PBXFileReference; fileEncoding = 4; lastKnownFileType = sourcecode.c.h; path = ActorInfo.h; sourceTree = "<group>"; };
		2A8DFD911D8DCE6300E22E0D /* ActorType.h */ = {isa = PBXFileReference; fileEncoding = 4; lastKnownFileType = sourcecode.c.h; path = ActorType.h; sourceTree = "<group>"; };
		2A8DFD921D8DCE6300E22E0D /* ControlsState.h */ = {isa = PBXFileReference; fileEncoding = 4; lastKnownFileType = sourcecode.c.h; path = ControlsState.h; sourceTree = "<group>"; };
		2A8DFD931D8DCE6300E22E0D /* EventHandlerCore.h */ = {isa = PBXFileReference; fileEncoding = 4; lastKnownFileType = sourcecode.c.h; path = EventHandlerCore.h; sourceTree = "<group>"; };
		2A8DFD951D8DCE6300E22E0D /* AccelerationEvent.h */ = {isa = PBXFileReference; fileEncoding = 4; lastKnownFileType = sourcecode.c.h; path = AccelerationEvent.h; sourceTree = "<group>"; };
		2A8DFD961D8DCE6300E22E0D /* ActorCreationEvent.h */ = {isa = PBXFileReference; fileEncoding = 4; lastKnownFileType = sourcecode.c.h; path = ActorCreationEvent.h; sourceTree = "<group>"; };
		2A8DFD971D8DCE6300E22E0D /* ActorTerminationEvent.h */ = {isa = PBXFileReference; fileEncoding = 4; lastKnownFileType = sourcecode.c.h; path = ActorTerminationEvent.h; sourceTree = "<group>"; };
		2A8DFD981D8DCE6300E22E0D /* ControlsEvent.h */ = {isa = PBXFileReference; fileEncoding = 4; lastKnownFileType = sourcecode.c.h; path = ControlsEvent.h; sourceTree = "<group>"; };
		2A8DFD991D8DCE6300E22E0D /* FrameGeneratedEvent.h */ = {isa = PBXFileReference; fileEncoding = 4; lastKnownFileType = sourcecode.c.h; path = FrameGeneratedEvent.h; sourceTree = "<group>"; };
		2A8DFD9A1D8DCE6300E22E0D /* InitializationEvent.h */ = {isa = PBXFileReference; fileEncoding = 4; lastKnownFileType = sourcecode.c.h; path = InitializationEvent.h; sourceTree = "<group>"; };
		2A8DFD9B1D8DCE6300E22E0D /* MoveEvent.h */ = {isa = PBXFileReference; fileEncoding = 4; lastKnownFileType = sourcecode.c.h; path = MoveEvent.h; sourceTree = "<group>"; };
		2A8DFD9C1D8DCE6300E22E0D /* PhysicsOverrideEvent.h */ = {isa = PBXFileReference; fileEncoding = 4; lastKnownFileType = sourcecode.c.h; path = PhysicsOverrideEvent.h; sourceTree = "<group>"; };
		2A8DFD9D1D8DCE6300E22E0D /* PhysicsUpdatedEvent.h */ = {isa = PBXFileReference; fileEncoding = 4; lastKnownFileType = sourcecode.c.h; path = PhysicsUpdatedEvent.h; sourceTree = "<group>"; };
		2A8DFD9E1D8DCE6300E22E0D /* TimeEvent.h */ = {isa = PBXFileReference; fileEncoding = 4; lastKnownFileType = sourcecode.c.h; path = TimeEvent.h; sourceTree = "<group>"; };
		2A8DFD9F1D8DCE6300E22E0D /* UpdatePhysicsEvent.h */ = {isa = PBXFileReference; fileEncoding = 4; lastKnownFileType = sourcecode.c.h; path = UpdatePhysicsEvent.h; sourceTree = "<group>"; };
		2A8DFDA01D8DCE6300E22E0D /* VelocityEvent.h */ = {isa = PBXFileReference; fileEncoding = 4; lastKnownFileType = sourcecode.c.h; path = VelocityEvent.h; sourceTree = "<group>"; };
		2A8DFDA11D8DCE6300E22E0D /* ZarchEvent.h */ = {isa = PBXFileReference; fileEncoding = 4; lastKnownFileType = sourcecode.c.h; path = ZarchEvent.h; sourceTree = "<group>"; };
		2A8DFDA31D8DCE6300E22E0D /* Data.h */ = {isa = PBXFileReference; fileEncoding = 4; lastKnownFileType = sourcecode.c.h; path = Data.h; sourceTree = "<group>"; };
		2A8DFDA41D8DCE6300E22E0D /* GameLogic.h */ = {isa = PBXFileReference; fileEncoding = 4; lastKnownFileType = sourcecode.c.h; path = GameLogic.h; sourceTree = "<group>"; };
		2A8DFDA51D8DCE6300E22E0D /* Lander.h */ = {isa = PBXFileReference; fileEncoding = 4; lastKnownFileType = sourcecode.c.h; path = Lander.h; sourceTree = "<group>"; };
		2A8DFDA61D8DCE6300E22E0D /* Shot.h */ = {isa = PBXFileReference; fileEncoding = 4; lastKnownFileType = sourcecode.c.h; path = Shot.h; sourceTree = "<group>"; };
		2A8DFDA71D8DCE6300E22E0D /* LanderGeometry.h */ = {isa = PBXFileReference; fileEncoding = 4; lastKnownFileType = sourcecode.c.h; path = LanderGeometry.h; sourceTree = "<group>"; };
		2A8DFDA81D8DCE6300E22E0D /* MapParameters.h */ = {isa = PBXFileReference; fileEncoding = 4; lastKnownFileType = sourcecode.c.h; path = MapParameters.h; sourceTree = "<group>"; };
		2A8DFDAA1D8DCE6300E22E0D /* Actor.h */ = {isa = PBXFileReference; fileEncoding = 4; lastKnownFileType = sourcecode.c.h; path = Actor.h; sourceTree = "<group>"; };
		2A8DFDAB1D8DCE6300E22E0D /* Data.h */ = {isa = PBXFileReference; fileEncoding = 4; lastKnownFileType = sourcecode.c.h; path = Data.h; sourceTree = "<group>"; };
		2A8DFDAC1D8DCE6300E22E0D /* Lander.h */ = {isa = PBXFileReference; fileEncoding = 4; lastKnownFileType = sourcecode.c.h; path = Lander.h; sourceTree = "<group>"; };
		2A8DFDAD1D8DCE6300E22E0D /* Physics.h */ = {isa = PBXFileReference; fileEncoding = 4; lastKnownFileType = sourcecode.c.h; path = Physics.h; sourceTree = "<group>"; };
		2A8DFDAE1D8DCE6300E22E0D /* Shot.h */ = {isa = PBXFileReference; fileEncoding = 4; lastKnownFileType = sourcecode.c.h; path = Shot.h; sourceTree = "<group>"; };
		2A8DFDAF1D8DCE6300E22E0D /* Presentation.h */ = {isa = PBXFileReference; fileEncoding = 4; lastKnownFileType = sourcecode.c.h; path = Presentation.h; sourceTree = "<group>"; };
		2A8DFDB01D8DCE6300E22E0D /* Simulation.h */ = {isa = PBXFileReference; fileEncoding = 4; lastKnownFileType = sourcecode.c.h; path = Simulation.h; sourceTree = "<group>"; };
		2A8DFDB11D8DCE6300E22E0D /* Terrain.h */ = {isa = PBXFileReference; fileEncoding = 4; lastKnownFileType = sourcecode.c.h; path = Terrain.h; sourceTree = "<group>"; };
		2A8DFDB31D8DCE6300E22E0D /* Data.h */ = {isa = PBXFileReference; fileEncoding = 4; lastKnownFileType = sourcecode.c.h; path = Data.h; sourceTree = "<group>"; };
		2A8DFDB41D8DCE6300E22E0D /* Lander.h */ = {isa = PBXFileReference; fileEncoding = 4; lastKnownFileType = sourcecode.c.h; path = Lander.h; sourceTree = "<group>"; };
		2A8DFDB51D8DCE6300E22E0D /* Shot.h */ = {isa = PBXFileReference; fileEncoding = 4; lastKnownFileType = sourcecode.c.h; path = Shot.h; sourceTree = "<group>"; };
		2A8DFDB61D8DCE6300E22E0D /* StarField.h */ = {isa = PBXFileReference; fileEncoding = 4; lastKnownFileType = sourcecode.c.h; path = StarField.h; sourceTree = "<group>"; };
		2A8DFDB71D8DCE6300E22E0D /* TerrainRenderer.h */ = {isa = PBXFileReference; fileEncoding = 4; lastKnownFileType = sourcecode.c.h; path = TerrainRenderer.h; sourceTree = "<group>"; };
		2A8DFDB81D8DCE6300E22E0D /* Video.h */ = {isa = PBXFileReference; fileEncoding = 4; lastKnownFileType = sourcecode.c.h; path = Video.h; sourceTree = "<group>"; };
		2A8DFDB91D8DCE6300E22E0D /* Zarch.h */ = {isa = PBXFileReference; fileEncoding = 4; lastKnownFileType = sourcecode.c.h; path = Zarch.h; sourceTree = "<group>"; };
		2A8DFDBB1D8DCE8100E22E0D /* Buffer.cpp */ = {isa = PBXFileReference; fileEncoding = 4; lastKnownFileType = sourcecode.cpp.cpp; path = Buffer.cpp; sourceTree = "<group>"; };
		2A8DFDBC1D8DCE8100E22E0D /* Interface.cpp */ = {isa = PBXFileReference; fileEncoding = 4; lastKnownFileType = sourcecode.cpp.cpp; path = Interface.cpp; sourceTree = "<group>"; };
		2A8DFDBD1D8DCE8100E22E0D /* IntModN.cpp */ = {isa = PBXFileReference; fileEncoding = 4; lastKnownFileType = sourcecode.cpp.cpp; path = IntModN.cpp; sourceTree = "<group>"; };
		2A8DFDBE1D8DCE8100E22E0D /* logging.cpp */ = {isa = PBXFileReference; fileEncoding = 4; lastKnownFileType = sourcecode.cpp.cpp; path = logging.cpp; sourceTree = "<group>"; };
		2A9D7C1D154D9DF700D7DE2F /* CoreMotion.framework */ = {isa = PBXFileReference; lastKnownFileType = wrapper.framework; name = CoreMotion.framework; path = System/Library/Frameworks/CoreMotion.framework; sourceTree = SDKROOT; };
		2AA9C6591D67BD29003FD5D7 /* EventLoopHub.cpp */ = {isa = PBXFileReference; fileEncoding = 4; lastKnownFileType = sourcecode.cpp.cpp; name = EventLoopHub.cpp; path = ../../../src/Game/EventLoopHub.cpp; sourceTree = "<group>"; };
		2AAC256015811661004A37C6 /* KXMGLView.h */ = {isa = PBXFileReference; fileEncoding = 4; lastKnownFileType = sourcecode.c.h; name = KXMGLView.h; path = kxm/KXMGLView.h; sourceTree = "<group>"; };
		2AAC256115811661004A37C6 /* KXMGLView.mm */ = {isa = PBXFileReference; fileEncoding = 4; lastKnownFileType = sourcecode.cpp.objcpp; name = KXMGLView.mm; path = kxm/KXMGLView.mm; sourceTree = "<group>"; };
		2AAC25641584F405004A37C6 /* AgeColoredParticles.cpp */ = {isa = PBXFileReference; fileEncoding = 4; lastKnownFileType = sourcecode.cpp.cpp; name = AgeColoredParticles.cpp; path = ../../../src/Vectoid/AgeColoredParticles.cpp; sourceTree = "<group>"; };
		2AAC2567158D238A004A37C6 /* TerrainRenderer.cpp */ = {isa = PBXFileReference; fileEncoding = 4; lastKnownFileType = sourcecode.cpp.cpp; name = TerrainRenderer.cpp; path = ../../../src/Zarch/Video/TerrainRenderer.cpp; sourceTree = "<group>"; };
		2ABE9CDB17305EC700F5251C /* StarField.cpp */ = {isa = PBXFileReference; fileEncoding = 4; lastKnownFileType = sourcecode.cpp.cpp; name = StarField.cpp; path = ../../../src/Zarch/Video/StarField.cpp; sourceTree = "<group>"; };
		2AC40A211556CEC700026789 /* Range.cpp */ = {isa = PBXFileReference; fileEncoding = 4; lastKnownFileType = sourcecode.cpp.cpp; name = Range.cpp; path = ../../../src/Vectoid/Range.cpp; sourceTree = "<group>"; };
		2AD5C13F1C18DD3600B2CD92 /* EventHandlerCore.cpp */ = {isa = PBXFileReference; fileEncoding = 4; lastKnownFileType = sourcecode.cpp.cpp; name = EventHandlerCore.cpp; path = ../../../src/Zarch/EventHandlerCore.cpp; sourceTree = "<group>"; };
		2ADD5C211A0175F1006533B8 /* Event.cpp */ = {isa = PBXFileReference; fileEncoding = 4; lastKnownFileType = sourcecode.cpp.cpp; name = Event.cpp; path = ../../../src/Game/Event.cpp; sourceTree = "<group>"; };
		2ADF9AF01D777CD3006C0B67 /* ActorNaming.cpp */ = {isa = PBXFileReference; fileEncoding = 4; lastKnownFileType = sourcecode.cpp.cpp; name = ActorNaming.cpp; path = ../../../src/Game/ActorNaming.cpp; sourceTree = "<group>"; };
		2ADF9AF61D778F56006C0B67 /* InitializationEvent.cpp */ = {isa = PBXFileReference; fileEncoding = 4; lastKnownFileType = sourcecode.cpp.cpp; name = InitializationEvent.cpp; path = ../../../src/Zarch/Events/InitializationEvent.cpp; sourceTree = "<group>"; };
		2ADF9AF81D778F6E006C0B67 /* ActorCreationEvent.cpp */ = {isa = PBXFileReference; fileEncoding = 4; lastKnownFileType = sourcecode.cpp.cpp; name = ActorCreationEvent.cpp; path = ../../../src/Zarch/Events/ActorCreationEvent.cpp; sourceTree = "<group>"; };
		2AECEF62154D6CC900033D14 /* Terrain.cpp */ = {isa = PBXFileReference; fileEncoding = 4; lastKnownFileType = sourcecode.cpp.cpp; name = Terrain.cpp; path = ../../../src/Zarch/Terrain.cpp; sourceTree = "<group>"; };
		2AEECB36155EB90800AC21A2 /* Particles.cpp */ = {isa = PBXFileReference; fileEncoding = 4; lastKnownFileType = sourcecode.cpp.cpp; name = Particles.cpp; path = ../../../src/Vectoid/Particles.cpp; sourceTree = "<group>"; };
/* End PBXFileReference section */

/* Begin PBXFrameworksBuildPhase section */
		2A3C13D514F6ECC70091BD84 /* Frameworks */ = {
			isa = PBXFrameworksBuildPhase;
			buildActionMask = 2147483647;
			files = (
				2A9D7C1E154D9DF700D7DE2F /* CoreMotion.framework in Frameworks */,
				2A3C13DD14F6ECC70091BD84 /* UIKit.framework in Frameworks */,
				2A3C13DF14F6ECC70091BD84 /* Foundation.framework in Frameworks */,
				2A3C13E114F6ECC70091BD84 /* CoreGraphics.framework in Frameworks */,
				2A3C13E314F6ECC70091BD84 /* GLKit.framework in Frameworks */,
				2A3C13E514F6ECC70091BD84 /* OpenGLES.framework in Frameworks */,
			);
			runOnlyForDeploymentPostprocessing = 0;
		};
/* End PBXFrameworksBuildPhase section */

/* Begin PBXGroup section */
		2A2A6124166B811F0073658E /* Physics */ = {
			isa = PBXGroup;
			children = (
				2A8AD4D4172D51ED007290C7 /* Physics.cpp */,
				2A663A641D8CA07A00437612 /* Actor.cpp */,
				2A8AD4D8172D7737007290C7 /* Lander.cpp */,
				2A5F064B1D874A9D00D50D2E /* Shot.cpp */,
			);
			name = Physics;
			sourceTree = "<group>";
		};
		2A2A6125166B81280073658E /* Video */ = {
			isa = PBXGroup;
			children = (
				2A8AD4DC172D8527007290C7 /* Video.cpp */,
				2A0C056A1D7B157F0018D865 /* Lander.cpp */,
				2A5F06461D873CCF00D50D2E /* Shot.cpp */,
				2ABE9CDB17305EC700F5251C /* StarField.cpp */,
				2AAC2567158D238A004A37C6 /* TerrainRenderer.cpp */,
			);
			name = Video;
			sourceTree = "<group>";
		};
		2A2A6126166B812E0073658E /* GameLogic */ = {
			isa = PBXGroup;
			children = (
				2A1AF9541A475DE9007D20A6 /* GameLogic.cpp */,
				2A0E36C11D8DE44700C531DC /* Actor.cpp */,
				2A5F06401D8730FA00D50D2E /* Lander.cpp */,
				2A5F06431D87371A00D50D2E /* Shot.cpp */,
			);
			name = GameLogic;
			sourceTree = "<group>";
		};
		2A3C13CD14F6ECC60091BD84 = {
			isa = PBXGroup;
			children = (
				2A4B91CA1C0399810079ACD6 /* Default-568h@2x.png */,
				2A3C13E614F6ECC70091BD84 /* kxm */,
				2A8DFDC31D8DCEB500E22E0D /* iOS */,
				2A3C13DB14F6ECC70091BD84 /* Frameworks */,
				2A3C13D914F6ECC70091BD84 /* Products */,
			);
			sourceTree = "<group>";
		};
		2A3C13D914F6ECC70091BD84 /* Products */ = {
			isa = PBXGroup;
			children = (
				2A3C13D814F6ECC70091BD84 /* Zarch.app */,
			);
			name = Products;
			sourceTree = "<group>";
		};
		2A3C13DB14F6ECC70091BD84 /* Frameworks */ = {
			isa = PBXGroup;
			children = (
				2A9D7C1D154D9DF700D7DE2F /* CoreMotion.framework */,
				2A3C13DC14F6ECC70091BD84 /* UIKit.framework */,
				2A3C13DE14F6ECC70091BD84 /* Foundation.framework */,
				2A3C13E014F6ECC70091BD84 /* CoreGraphics.framework */,
				2A3C13E214F6ECC70091BD84 /* GLKit.framework */,
				2A3C13E414F6ECC70091BD84 /* OpenGLES.framework */,
			);
			name = Frameworks;
			sourceTree = "<group>";
		};
		2A3C13E614F6ECC70091BD84 /* kxm */ = {
			isa = PBXGroup;
			children = (
				2A8DFD691D8DCE6300E22E0D /* include */,
				2A8DFDBA1D8DCE8100E22E0D /* Core */,
				2AECEF4F154D60E600033D14 /* Game */,
				2A3C140414F6F2950091BD84 /* Vectoid */,
				2AECEF5A154D686800033D14 /* Zarch */,
			);
			path = kxm;
			sourceTree = "<group>";
		};
		2A3C13E714F6ECC70091BD84 /* Supporting Files */ = {
			isa = PBXGroup;
			children = (
				2A3C13E814F6ECC70091BD84 /* Zarch-Info.plist */,
				2A3C13E914F6ECC70091BD84 /* InfoPlist.strings */,
				2A3C13EC14F6ECC70091BD84 /* main.mm */,
				2A3C13EE14F6ECC70091BD84 /* Zarch-Prefix.pch */,
			);
			name = "Supporting Files";
			path = kxm;
			sourceTree = "<group>";
		};
		2A3C140414F6F2950091BD84 /* Vectoid */ = {
			isa = PBXGroup;
			children = (
				2A65AF4B15361E700054F8E9 /* Camera.cpp */,
				2A65AF4C15361E700054F8E9 /* CoordSys.cpp */,
				2A65AF4D15361E700054F8E9 /* CoordSysCore.cpp */,
				2A65AF4E15361E700054F8E9 /* Geode.cpp */,
				2A65AF4F15361E700054F8E9 /* PerspectiveProjection.cpp */,
				2A65AF5015361E700054F8E9 /* SceneGraphNode.cpp */,
				2A65AF5115361E710054F8E9 /* TestTriangle.cpp */,
				2AC40A211556CEC700026789 /* Range.cpp */,
				2AEECB36155EB90800AC21A2 /* Particles.cpp */,
				2A1303F1157BBFD900A89134 /* ParticlesRenderer.cpp */,
				2AAC25641584F405004A37C6 /* AgeColoredParticles.cpp */,
			);
			name = Vectoid;
			sourceTree = "<group>";
		};
		2A8DFD691D8DCE6300E22E0D /* include */ = {
			isa = PBXGroup;
			children = (
				2A8DFD6A1D8DCE6300E22E0D /* kxm */,
			);
			name = include;
			path = ../../../src/include;
			sourceTree = "<group>";
		};
		2A8DFD6A1D8DCE6300E22E0D /* kxm */ = {
			isa = PBXGroup;
			children = (
				2A8DFD6B1D8DCE6300E22E0D /* Core */,
				2A8DFD751D8DCE6300E22E0D /* Game */,
				2A8DFD7E1D8DCE6300E22E0D /* Vectoid */,
				2A8DFD8F1D8DCE6300E22E0D /* Zarch */,
			);
			path = kxm;
			sourceTree = "<group>";
		};
		2A8DFD6B1D8DCE6300E22E0D /* Core */ = {
			isa = PBXGroup;
			children = (
				2A8DFD6C1D8DCE6300E22E0D /* ActionInterface.h */,
				2A8DFD6D1D8DCE6300E22E0D /* Buffer.h */,
				2A8DFD6E1D8DCE6300E22E0D /* config.h */,
				2A8DFD6F1D8DCE6300E22E0D /* Interface.h */,
				2A8DFD701D8DCE6300E22E0D /* IntModN.h */,
				2A8DFD711D8DCE6300E22E0D /* logging.h */,
				2A8DFD721D8DCE6300E22E0D /* NumberTools.h */,
				2A8DFD731D8DCE6300E22E0D /* ReusableItems.h */,
				2A8DFD741D8DCE6300E22E0D /* terminal.h */,
			);
			path = Core;
			sourceTree = "<group>";
		};
		2A8DFD751D8DCE6300E22E0D /* Game */ = {
			isa = PBXGroup;
			children = (
				2A8DFD7A1D8DCE6300E22E0D /* Event.h */,
				2A8DFD7B1D8DCE6300E22E0D /* EventLoop.h */,
				2A8DFD7C1D8DCE6300E22E0D /* EventLoopHub.h */,
				2A8DFD771D8DCE6300E22E0D /* ActorMap.h */,
				2A8DFD781D8DCE6300E22E0D /* ActorName.h */,
				2A8DFD791D8DCE6300E22E0D /* ActorNaming.h */,
				2A8DFD7D1D8DCE6300E22E0D /* ReusableActors.h */,
				2A8DFD761D8DCE6300E22E0D /* Actions.h */,
			);
			path = Game;
			sourceTree = "<group>";
		};
		2A8DFD7E1D8DCE6300E22E0D /* Vectoid */ = {
			isa = PBXGroup;
			children = (
				2A8DFD7F1D8DCE6300E22E0D /* AgeColoredParticles.h */,
				2A8DFD801D8DCE6300E22E0D /* Camera.h */,
				2A8DFD811D8DCE6300E22E0D /* CoordSys.h */,
				2A8DFD821D8DCE6300E22E0D /* CoordSysCore.h */,
				2A8DFD831D8DCE6300E22E0D /* CoordSysInterface.h */,
				2A8DFD841D8DCE6300E22E0D /* Geode.h */,
				2A8DFD851D8DCE6300E22E0D /* GeometryInterface.h */,
				2A8DFD861D8DCE6300E22E0D /* OpenGL.h */,
				2A8DFD871D8DCE6300E22E0D /* Particles.h */,
				2A8DFD881D8DCE6300E22E0D /* ParticlesRenderer.h */,
				2A8DFD891D8DCE6300E22E0D /* PerspectiveProjection.h */,
				2A8DFD8A1D8DCE6300E22E0D /* Range.h */,
				2A8DFD8B1D8DCE6300E22E0D /* SceneGraphNode.h */,
				2A8DFD8C1D8DCE6300E22E0D /* TestTriangle.h */,
				2A8DFD8D1D8DCE6300E22E0D /* Transform.h */,
				2A8DFD8E1D8DCE6300E22E0D /* Vector.h */,
			);
			path = Vectoid;
			sourceTree = "<group>";
		};
		2A8DFD8F1D8DCE6300E22E0D /* Zarch */ = {
			isa = PBXGroup;
			children = (
				2A8DFD941D8DCE6300E22E0D /* Events */,
				2A8DFDA21D8DCE6300E22E0D /* GameLogic */,
				2A8DFDA91D8DCE6300E22E0D /* Physics */,
				2A8DFDB21D8DCE6300E22E0D /* Video */,
				2A8DFD901D8DCE6300E22E0D /* ActorInfo.h */,
				2A8DFD911D8DCE6300E22E0D /* ActorType.h */,
				2A8DFD921D8DCE6300E22E0D /* ControlsState.h */,
				2A8DFD931D8DCE6300E22E0D /* EventHandlerCore.h */,
				2A8DFDA71D8DCE6300E22E0D /* LanderGeometry.h */,
				2A8DFDA81D8DCE6300E22E0D /* MapParameters.h */,
				2A8DFDAF1D8DCE6300E22E0D /* Presentation.h */,
				2A8DFDB01D8DCE6300E22E0D /* Simulation.h */,
				2A8DFDB11D8DCE6300E22E0D /* Terrain.h */,
				2A8DFDB91D8DCE6300E22E0D /* Zarch.h */,
			);
			path = Zarch;
			sourceTree = "<group>";
		};
		2A8DFD941D8DCE6300E22E0D /* Events */ = {
			isa = PBXGroup;
			children = (
				2A8DFD951D8DCE6300E22E0D /* AccelerationEvent.h */,
				2A8DFD961D8DCE6300E22E0D /* ActorCreationEvent.h */,
				2A8DFD971D8DCE6300E22E0D /* ActorTerminationEvent.h */,
				2A8DFD981D8DCE6300E22E0D /* ControlsEvent.h */,
				2A8DFD991D8DCE6300E22E0D /* FrameGeneratedEvent.h */,
				2A8DFD9A1D8DCE6300E22E0D /* InitializationEvent.h */,
				2A8DFD9B1D8DCE6300E22E0D /* MoveEvent.h */,
				2A8DFD9C1D8DCE6300E22E0D /* PhysicsOverrideEvent.h */,
				2A8DFD9D1D8DCE6300E22E0D /* PhysicsUpdatedEvent.h */,
				2A8DFD9E1D8DCE6300E22E0D /* TimeEvent.h */,
				2A8DFD9F1D8DCE6300E22E0D /* UpdatePhysicsEvent.h */,
				2A8DFDA01D8DCE6300E22E0D /* VelocityEvent.h */,
				2A8DFDA11D8DCE6300E22E0D /* ZarchEvent.h */,
			);
			path = Events;
			sourceTree = "<group>";
		};
		2A8DFDA21D8DCE6300E22E0D /* GameLogic */ = {
			isa = PBXGroup;
			children = (
				2A8DFDA41D8DCE6300E22E0D /* GameLogic.h */,
				2A8DFDA31D8DCE6300E22E0D /* Data.h */,
				2A0E36C01D8DE3A100C531DC /* Actor.h */,
				2A8DFDA51D8DCE6300E22E0D /* Lander.h */,
				2A8DFDA61D8DCE6300E22E0D /* Shot.h */,
			);
			path = GameLogic;
			sourceTree = "<group>";
		};
		2A8DFDA91D8DCE6300E22E0D /* Physics */ = {
			isa = PBXGroup;
			children = (
				2A8DFDAD1D8DCE6300E22E0D /* Physics.h */,
				2A8DFDAB1D8DCE6300E22E0D /* Data.h */,
				2A8DFDAA1D8DCE6300E22E0D /* Actor.h */,
				2A8DFDAC1D8DCE6300E22E0D /* Lander.h */,
				2A8DFDAE1D8DCE6300E22E0D /* Shot.h */,
			);
			path = Physics;
			sourceTree = "<group>";
		};
		2A8DFDB21D8DCE6300E22E0D /* Video */ = {
			isa = PBXGroup;
			children = (
				2A8DFDB81D8DCE6300E22E0D /* Video.h */,
				2A8DFDB31D8DCE6300E22E0D /* Data.h */,
				2A8DFDB41D8DCE6300E22E0D /* Lander.h */,
				2A8DFDB51D8DCE6300E22E0D /* Shot.h */,
				2A8DFDB61D8DCE6300E22E0D /* StarField.h */,
				2A8DFDB71D8DCE6300E22E0D /* TerrainRenderer.h */,
			);
			path = Video;
			sourceTree = "<group>";
		};
		2A8DFDBA1D8DCE8100E22E0D /* Core */ = {
			isa = PBXGroup;
			children = (
				2A8DFDBB1D8DCE8100E22E0D /* Buffer.cpp */,
				2A8DFDBC1D8DCE8100E22E0D /* Interface.cpp */,
				2A8DFDBD1D8DCE8100E22E0D /* IntModN.cpp */,
				2A8DFDBE1D8DCE8100E22E0D /* logging.cpp */,
			);
			name = Core;
			path = ../../../src/Core;
			sourceTree = "<group>";
		};
		2A8DFDC31D8DCEB500E22E0D /* iOS */ = {
			isa = PBXGroup;
			children = (
				2A3C13EF14F6ECC70091BD84 /* KXMAppDelegate.h */,
				2A3C13F014F6ECC70091BD84 /* KXMAppDelegate.m */,
				2AAC256015811661004A37C6 /* KXMGLView.h */,
				2AAC256115811661004A37C6 /* KXMGLView.mm */,
				2A3C13F614F6ECC70091BD84 /* KXMViewController.h */,
				2A3C13F714F6ECC70091BD84 /* KXMViewController.mm */,
				2A3C13F914F6ECC70091BD84 /* KXMViewController_iPhone.xib */,
				2A3C13FC14F6ECC70091BD84 /* KXMViewController_iPad.xib */,
				2A3C13E714F6ECC70091BD84 /* Supporting Files */,
			);
			name = iOS;
			sourceTree = "<group>";
		};
		2ADD5C281A019B68006533B8 /* Events */ = {
			isa = PBXGroup;
			children = (
				2ADF9AF61D778F56006C0B67 /* InitializationEvent.cpp */,
				2A663A611D8C7AE400437612 /* TimeEvent.cpp */,
				2ADF9AF81D778F6E006C0B67 /* ActorCreationEvent.cpp */,
				2A6A2B621D8759C500DAC9D5 /* ActorTerminationEvent.cpp */,
				2A5E8AD51A114AD00000617C /* MoveEvent.cpp */,
				2A5E8AD71A114AEA0000617C /* VelocityEvent.cpp */,
				2A5E8AD31A114AAE0000617C /* ControlsEvent.cpp */,
				2A5F063D1D85E68A00D50D2E /* PhysicsOverrideEvent.cpp */,
				2A0D28251D8B4856001AC162 /* AccelerationEvent.cpp */,
				2A3046451D6D07CC007ED737 /* FrameGeneratedEvent.cpp */,
				2A3046491D734210007ED737 /* UpdatePhysicsEvent.cpp */,
				2A30464B1D734246007ED737 /* PhysicsUpdatedEvent.cpp */,
			);
			name = Events;
			sourceTree = "<group>";
		};
		2AECEF4F154D60E600033D14 /* Game */ = {
			isa = PBXGroup;
			children = (
				2ADD5C211A0175F1006533B8 /* Event.cpp */,
				2AA9C6591D67BD29003FD5D7 /* EventLoopHub.cpp */,
				2ADF9AF01D777CD3006C0B67 /* ActorNaming.cpp */,
				2A1352091D84A20800F0AADF /* Actions.cpp */,
			);
			name = Game;
			sourceTree = "<group>";
		};
		2AECEF5A154D686800033D14 /* Zarch */ = {
			isa = PBXGroup;
			children = (
				2ADD5C281A019B68006533B8 /* Events */,
				2A2A6126166B812E0073658E /* GameLogic */,
				2A2A6124166B811F0073658E /* Physics */,
				2A2A6125166B81280073658E /* Video */,
				2A2A6128166D1E960073658E /* Zarch.cpp */,
				2A41FB1B171204E100A078CF /* Simulation.cpp */,
				2A41FB1E171204F900A078CF /* Presentation.cpp */,
				2A137B9415508165000EDEA7 /* LanderGeometry.cpp */,
				2A2BF0D51560556000F6A771 /* MapParameters.cpp */,
				2AECEF62154D6CC900033D14 /* Terrain.cpp */,
				2AD5C13F1C18DD3600B2CD92 /* EventHandlerCore.cpp */,
			);
			name = Zarch;
			sourceTree = "<group>";
		};
/* End PBXGroup section */

/* Begin PBXNativeTarget section */
		2A3C13D714F6ECC70091BD84 /* Zarch */ = {
			isa = PBXNativeTarget;
			buildConfigurationList = 2A3C140114F6ECC70091BD84 /* Build configuration list for PBXNativeTarget "Zarch" */;
			buildPhases = (
				2A3C13D414F6ECC70091BD84 /* Sources */,
				2A3C13D514F6ECC70091BD84 /* Frameworks */,
				2A3C13D614F6ECC70091BD84 /* Resources */,
			);
			buildRules = (
			);
			dependencies = (
			);
			name = Zarch;
			productName = kxm;
			productReference = 2A3C13D814F6ECC70091BD84 /* Zarch.app */;
			productType = "com.apple.product-type.application";
		};
/* End PBXNativeTarget section */

/* Begin PBXProject section */
		2A3C13CF14F6ECC60091BD84 /* Project object */ = {
			isa = PBXProject;
			attributes = {
				LastUpgradeCheck = 0800;
				TargetAttributes = {
					2A3C13D714F6ECC70091BD84 = {
						DevelopmentTeam = X4UCCTPJJ3;
					};
				};
			};
			buildConfigurationList = 2A3C13D214F6ECC60091BD84 /* Build configuration list for PBXProject "Zarch" */;
			compatibilityVersion = "Xcode 3.2";
			developmentRegion = English;
			hasScannedForEncodings = 0;
			knownRegions = (
				en,
			);
			mainGroup = 2A3C13CD14F6ECC60091BD84;
			productRefGroup = 2A3C13D914F6ECC70091BD84 /* Products */;
			projectDirPath = "";
			projectRoot = "";
			targets = (
				2A3C13D714F6ECC70091BD84 /* Zarch */,
			);
		};
/* End PBXProject section */

/* Begin PBXResourcesBuildPhase section */
		2A3C13D614F6ECC70091BD84 /* Resources */ = {
			isa = PBXResourcesBuildPhase;
			buildActionMask = 2147483647;
			files = (
				2A3C13EB14F6ECC70091BD84 /* InfoPlist.strings in Resources */,
				2A4B91CB1C0399810079ACD6 /* Default-568h@2x.png in Resources */,
				2A3C13FB14F6ECC70091BD84 /* KXMViewController_iPhone.xib in Resources */,
				2A3C13FE14F6ECC70091BD84 /* KXMViewController_iPad.xib in Resources */,
			);
			runOnlyForDeploymentPostprocessing = 0;
		};
/* End PBXResourcesBuildPhase section */

/* Begin PBXSourcesBuildPhase section */
		2A3C13D414F6ECC70091BD84 /* Sources */ = {
			isa = PBXSourcesBuildPhase;
			buildActionMask = 2147483647;
			files = (
				2A3C13ED14F6ECC70091BD84 /* main.mm in Sources */,
				2A3046461D6D07CC007ED737 /* FrameGeneratedEvent.cpp in Sources */,
				2A5F06441D87371A00D50D2E /* Shot.cpp in Sources */,
				2A8DFDC01D8DCE8100E22E0D /* Interface.cpp in Sources */,
				2A30464A1D734210007ED737 /* UpdatePhysicsEvent.cpp in Sources */,
				2A3C13F114F6ECC70091BD84 /* KXMAppDelegate.m in Sources */,
				2A3C13F814F6ECC70091BD84 /* KXMViewController.mm in Sources */,
				2A8DFDC21D8DCE8100E22E0D /* logging.cpp in Sources */,
				2A65AF5215361E710054F8E9 /* Camera.cpp in Sources */,
				2A65AF5315361E710054F8E9 /* CoordSys.cpp in Sources */,
				2A65AF5415361E710054F8E9 /* CoordSysCore.cpp in Sources */,
				2A663A651D8CA07A00437612 /* Actor.cpp in Sources */,
				2A5E8AD41A114AAE0000617C /* ControlsEvent.cpp in Sources */,
				2A65AF5515361E710054F8E9 /* Geode.cpp in Sources */,
				2A0E36C21D8DE44700C531DC /* Actor.cpp in Sources */,
				2A65AF5615361E710054F8E9 /* PerspectiveProjection.cpp in Sources */,
				2AA9C65A1D67BD29003FD5D7 /* EventLoopHub.cpp in Sources */,
				2A65AF5715361E710054F8E9 /* SceneGraphNode.cpp in Sources */,
				2A6A2B631D8759C500DAC9D5 /* ActorTerminationEvent.cpp in Sources */,
				2A65AF5815361E710054F8E9 /* TestTriangle.cpp in Sources */,
				2A5E8AD81A114AEA0000617C /* VelocityEvent.cpp in Sources */,
				2A5F06411D8730FA00D50D2E /* Lander.cpp in Sources */,
				2ADF9AF71D778F56006C0B67 /* InitializationEvent.cpp in Sources */,
				2AECEF63154D6CC900033D14 /* Terrain.cpp in Sources */,
				2A30464C1D734246007ED737 /* PhysicsUpdatedEvent.cpp in Sources */,
				2A137B9515508165000EDEA7 /* LanderGeometry.cpp in Sources */,
				2A663A621D8C7AE400437612 /* TimeEvent.cpp in Sources */,
				2AC40A221556CEC700026789 /* Range.cpp in Sources */,
				2ADF9AF11D777CD3006C0B67 /* ActorNaming.cpp in Sources */,
				2AEECB37155EB90800AC21A2 /* Particles.cpp in Sources */,
				2A0C056B1D7B157F0018D865 /* Lander.cpp in Sources */,
				2A2BF0D61560556000F6A771 /* MapParameters.cpp in Sources */,
				2A1303F2157BBFD900A89134 /* ParticlesRenderer.cpp in Sources */,
				2A1AF9551A475DE9007D20A6 /* GameLogic.cpp in Sources */,
				2AAC256215811661004A37C6 /* KXMGLView.mm in Sources */,
				2ADF9AF91D778F6E006C0B67 /* ActorCreationEvent.cpp in Sources */,
				2AAC25651584F405004A37C6 /* AgeColoredParticles.cpp in Sources */,
				2AAC2568158D238A004A37C6 /* TerrainRenderer.cpp in Sources */,
				2ADD5C221A0175F1006533B8 /* Event.cpp in Sources */,
				2A2A612A166D1E980073658E /* Zarch.cpp in Sources */,
				2A5F06471D873CCF00D50D2E /* Shot.cpp in Sources */,
				2A41FB1D171204E100A078CF /* Simulation.cpp in Sources */,
				2A41FB20171204F900A078CF /* Presentation.cpp in Sources */,
				2A5F064C1D874A9D00D50D2E /* Shot.cpp in Sources */,
				2A8AD4D6172D51ED007290C7 /* Physics.cpp in Sources */,
				2A5F063E1D85E68A00D50D2E /* PhysicsOverrideEvent.cpp in Sources */,
				2A5E8AD61A114AD00000617C /* MoveEvent.cpp in Sources */,
				2A8AD4DA172D7738007290C7 /* Lander.cpp in Sources */,
				2A8AD4DE172D8527007290C7 /* Video.cpp in Sources */,
				2A8DFDBF1D8DCE8100E22E0D /* Buffer.cpp in Sources */,
				2ABE9CDC17305EC700F5251C /* StarField.cpp in Sources */,
				2AD5C1401C18DD3600B2CD92 /* EventHandlerCore.cpp in Sources */,
				2A13520A1D84A20800F0AADF /* Actions.cpp in Sources */,
				2A0D28261D8B4856001AC162 /* AccelerationEvent.cpp in Sources */,
				2A8DFDC11D8DCE8100E22E0D /* IntModN.cpp in Sources */,
			);
			runOnlyForDeploymentPostprocessing = 0;
		};
/* End PBXSourcesBuildPhase section */

/* Begin PBXVariantGroup section */
		2A3C13E914F6ECC70091BD84 /* InfoPlist.strings */ = {
			isa = PBXVariantGroup;
			children = (
				2A3C13EA14F6ECC70091BD84 /* en */,
			);
			name = InfoPlist.strings;
			sourceTree = "<group>";
		};
		2A3C13F914F6ECC70091BD84 /* KXMViewController_iPhone.xib */ = {
			isa = PBXVariantGroup;
			children = (
				2A3C13FA14F6ECC70091BD84 /* en */,
			);
			name = KXMViewController_iPhone.xib;
			path = kxm;
			sourceTree = "<group>";
		};
		2A3C13FC14F6ECC70091BD84 /* KXMViewController_iPad.xib */ = {
			isa = PBXVariantGroup;
			children = (
				2A3C13FD14F6ECC70091BD84 /* en */,
			);
			name = KXMViewController_iPad.xib;
			path = kxm;
			sourceTree = "<group>";
		};
/* End PBXVariantGroup section */

/* Begin XCBuildConfiguration section */
		2A3C13FF14F6ECC70091BD84 /* Debug */ = {
			isa = XCBuildConfiguration;
			buildSettings = {
				ALWAYS_SEARCH_USER_PATHS = YES;
				CLANG_CXX_LANGUAGE_STANDARD = "c++0x";
				CLANG_CXX_LIBRARY = "libc++";
				CLANG_WARN_BOOL_CONVERSION = YES;
				CLANG_WARN_CONSTANT_CONVERSION = YES;
				CLANG_WARN_EMPTY_BODY = YES;
				CLANG_WARN_ENUM_CONVERSION = YES;
				CLANG_WARN_INFINITE_RECURSION = YES;
				CLANG_WARN_INT_CONVERSION = YES;
				CLANG_WARN_SUSPICIOUS_MOVE = YES;
				CLANG_WARN_UNREACHABLE_CODE = YES;
				CLANG_WARN__DUPLICATE_METHOD_MATCH = YES;
				"CODE_SIGN_IDENTITY[sdk=iphoneos*]" = "iPhone Developer";
				COPY_PHASE_STRIP = NO;
				ENABLE_STRICT_OBJC_MSGSEND = YES;
				ENABLE_TESTABILITY = YES;
				GCC_C_LANGUAGE_STANDARD = gnu99;
				GCC_DYNAMIC_NO_PIC = NO;
				GCC_NO_COMMON_BLOCKS = YES;
				GCC_OPTIMIZATION_LEVEL = 0;
				GCC_PREPROCESSOR_DEFINITIONS = (
					"DEBUG=1",
					"$(inherited)",
				);
				GCC_SYMBOLS_PRIVATE_EXTERN = NO;
				GCC_VERSION = com.apple.compilers.llvm.clang.1_0;
				GCC_WARN_64_TO_32_BIT_CONVERSION = YES;
				GCC_WARN_ABOUT_MISSING_PROTOTYPES = YES;
				GCC_WARN_ABOUT_RETURN_TYPE = YES;
				GCC_WARN_UNDECLARED_SELECTOR = YES;
				GCC_WARN_UNINITIALIZED_AUTOS = YES;
				GCC_WARN_UNUSED_FUNCTION = YES;
				GCC_WARN_UNUSED_VARIABLE = YES;
				IPHONEOS_DEPLOYMENT_TARGET = 9.1;
				ONLY_ACTIVE_ARCH = YES;
				SDKROOT = iphoneos;
				TARGETED_DEVICE_FAMILY = "1,2";
			};
			name = Debug;
		};
		2A3C140014F6ECC70091BD84 /* Release */ = {
			isa = XCBuildConfiguration;
			buildSettings = {
				ALWAYS_SEARCH_USER_PATHS = YES;
				CLANG_CXX_LANGUAGE_STANDARD = "c++0x";
				CLANG_CXX_LIBRARY = "libc++";
				CLANG_WARN_BOOL_CONVERSION = YES;
				CLANG_WARN_CONSTANT_CONVERSION = YES;
				CLANG_WARN_EMPTY_BODY = YES;
				CLANG_WARN_ENUM_CONVERSION = YES;
				CLANG_WARN_INFINITE_RECURSION = YES;
				CLANG_WARN_INT_CONVERSION = YES;
				CLANG_WARN_SUSPICIOUS_MOVE = YES;
				CLANG_WARN_UNREACHABLE_CODE = YES;
				CLANG_WARN__DUPLICATE_METHOD_MATCH = YES;
				"CODE_SIGN_IDENTITY[sdk=iphoneos*]" = "iPhone Developer";
				COPY_PHASE_STRIP = YES;
				ENABLE_STRICT_OBJC_MSGSEND = YES;
				GCC_C_LANGUAGE_STANDARD = gnu99;
				GCC_NO_COMMON_BLOCKS = YES;
				GCC_VERSION = com.apple.compilers.llvm.clang.1_0;
				GCC_WARN_64_TO_32_BIT_CONVERSION = YES;
				GCC_WARN_ABOUT_MISSING_PROTOTYPES = YES;
				GCC_WARN_ABOUT_RETURN_TYPE = YES;
				GCC_WARN_UNDECLARED_SELECTOR = YES;
				GCC_WARN_UNINITIALIZED_AUTOS = YES;
				GCC_WARN_UNUSED_FUNCTION = YES;
				GCC_WARN_UNUSED_VARIABLE = YES;
				IPHONEOS_DEPLOYMENT_TARGET = 9.1;
				OTHER_CFLAGS = "-DNS_BLOCK_ASSERTIONS=1";
				SDKROOT = iphoneos;
				TARGETED_DEVICE_FAMILY = "1,2";
				VALIDATE_PRODUCT = YES;
			};
			name = Release;
		};
		2A3C140214F6ECC70091BD84 /* Debug */ = {
			isa = XCBuildConfiguration;
			buildSettings = {
				CODE_SIGN_IDENTITY = "iPhone Developer";
				"CODE_SIGN_IDENTITY[sdk=iphoneos*]" = "iPhone Developer";
				GCC_PRECOMPILE_PREFIX_HEADER = YES;
				GCC_PREFIX_HEADER = "kxm/Zarch-Prefix.pch";
				"GCC_THUMB_SUPPORT[arch=armv6]" = "";
				INFOPLIST_FILE = "kxm/Zarch-Info.plist";
				PRODUCT_BUNDLE_IDENTIFIER = "com.kxm.${PRODUCT_NAME:rfc1034identifier}";
				PRODUCT_NAME = "$(TARGET_NAME)";
				PROVISIONING_PROFILE = "";
				"USER_HEADER_SEARCH_PATHS[arch=*]" = ../../src/include;
				WRAPPER_EXTENSION = app;
			};
			name = Debug;
		};
		2A3C140314F6ECC70091BD84 /* Release */ = {
			isa = XCBuildConfiguration;
			buildSettings = {
				CODE_SIGN_IDENTITY = "iPhone Developer";
				"CODE_SIGN_IDENTITY[sdk=iphoneos*]" = "iPhone Developer";
				GCC_PRECOMPILE_PREFIX_HEADER = YES;
				GCC_PREFIX_HEADER = "kxm/Zarch-Prefix.pch";
				"GCC_THUMB_SUPPORT[arch=armv6]" = "";
				INFOPLIST_FILE = "kxm/Zarch-Info.plist";
				PRODUCT_BUNDLE_IDENTIFIER = "com.kxm.${PRODUCT_NAME:rfc1034identifier}";
				PRODUCT_NAME = "$(TARGET_NAME)";
				PROVISIONING_PROFILE = "";
				"USER_HEADER_SEARCH_PATHS[arch=*]" = ../../src/include;
				WRAPPER_EXTENSION = app;
			};
			name = Release;
		};
/* End XCBuildConfiguration section */

/* Begin XCConfigurationList section */
		2A3C13D214F6ECC60091BD84 /* Build configuration list for PBXProject "Zarch" */ = {
			isa = XCConfigurationList;
			buildConfigurations = (
				2A3C13FF14F6ECC70091BD84 /* Debug */,
				2A3C140014F6ECC70091BD84 /* Release */,
			);
			defaultConfigurationIsVisible = 0;
			defaultConfigurationName = Release;
		};
		2A3C140114F6ECC70091BD84 /* Build configuration list for PBXNativeTarget "Zarch" */ = {
			isa = XCConfigurationList;
			buildConfigurations = (
				2A3C140214F6ECC70091BD84 /* Debug */,
				2A3C140314F6ECC70091BD84 /* Release */,
			);
			defaultConfigurationIsVisible = 0;
			defaultConfigurationName = Release;
		};
/* End XCConfigurationList section */
	};
	rootObject = 2A3C13CF14F6ECC60091BD84 /* Project object */;
}
