// !$*UTF8*$!
{
	archiveVersion = 1;
	classes = {
	};
	objectVersion = 46;
	objects = {

/* Begin PBXBuildFile section */
		2A0C056B1D7B157F0018D865 /* Lander.cpp in Sources */ = {isa = PBXBuildFile; fileRef = 2A0C056A1D7B157F0018D865 /* Lander.cpp */; };
		2A0D28261D8B4856001AC162 /* AccelerationEvent.cpp in Sources */ = {isa = PBXBuildFile; fileRef = 2A0D28251D8B4856001AC162 /* AccelerationEvent.cpp */; };
		2A1303F2157BBFD900A89134 /* ParticlesRenderer.cpp in Sources */ = {isa = PBXBuildFile; fileRef = 2A1303F1157BBFD900A89134 /* ParticlesRenderer.cpp */; };
		2A13520A1D84A20800F0AADF /* Actions.cpp in Sources */ = {isa = PBXBuildFile; fileRef = 2A1352091D84A20800F0AADF /* Actions.cpp */; };
		2A137B9515508165000EDEA7 /* LanderGeometry.cpp in Sources */ = {isa = PBXBuildFile; fileRef = 2A137B9415508165000EDEA7 /* LanderGeometry.cpp */; };
		2A1AF9551A475DE9007D20A6 /* GameLogic.cpp in Sources */ = {isa = PBXBuildFile; fileRef = 2A1AF9541A475DE9007D20A6 /* GameLogic.cpp */; };
		2A2A612A166D1E980073658E /* Zarch.cpp in Sources */ = {isa = PBXBuildFile; fileRef = 2A2A6128166D1E960073658E /* Zarch.cpp */; };
		2A2BF0D61560556000F6A771 /* MapParameters.cpp in Sources */ = {isa = PBXBuildFile; fileRef = 2A2BF0D51560556000F6A771 /* MapParameters.cpp */; };
		2A3046461D6D07CC007ED737 /* FrameGeneratedEvent.cpp in Sources */ = {isa = PBXBuildFile; fileRef = 2A3046451D6D07CC007ED737 /* FrameGeneratedEvent.cpp */; };
		2A30464A1D734210007ED737 /* UpdatePhysicsEvent.cpp in Sources */ = {isa = PBXBuildFile; fileRef = 2A3046491D734210007ED737 /* UpdatePhysicsEvent.cpp */; };
		2A30464C1D734246007ED737 /* PhysicsUpdatedEvent.cpp in Sources */ = {isa = PBXBuildFile; fileRef = 2A30464B1D734246007ED737 /* PhysicsUpdatedEvent.cpp */; };
		2A3C13DD14F6ECC70091BD84 /* UIKit.framework in Frameworks */ = {isa = PBXBuildFile; fileRef = 2A3C13DC14F6ECC70091BD84 /* UIKit.framework */; };
		2A3C13DF14F6ECC70091BD84 /* Foundation.framework in Frameworks */ = {isa = PBXBuildFile; fileRef = 2A3C13DE14F6ECC70091BD84 /* Foundation.framework */; };
		2A3C13E114F6ECC70091BD84 /* CoreGraphics.framework in Frameworks */ = {isa = PBXBuildFile; fileRef = 2A3C13E014F6ECC70091BD84 /* CoreGraphics.framework */; };
		2A3C13E314F6ECC70091BD84 /* GLKit.framework in Frameworks */ = {isa = PBXBuildFile; fileRef = 2A3C13E214F6ECC70091BD84 /* GLKit.framework */; };
		2A3C13E514F6ECC70091BD84 /* OpenGLES.framework in Frameworks */ = {isa = PBXBuildFile; fileRef = 2A3C13E414F6ECC70091BD84 /* OpenGLES.framework */; };
		2A3C13EB14F6ECC70091BD84 /* InfoPlist.strings in Resources */ = {isa = PBXBuildFile; fileRef = 2A3C13E914F6ECC70091BD84 /* InfoPlist.strings */; };
		2A3C13ED14F6ECC70091BD84 /* main.mm in Sources */ = {isa = PBXBuildFile; fileRef = 2A3C13EC14F6ECC70091BD84 /* main.mm */; };
		2A3C13F114F6ECC70091BD84 /* KXMAppDelegate.m in Sources */ = {isa = PBXBuildFile; fileRef = 2A3C13F014F6ECC70091BD84 /* KXMAppDelegate.m */; };
		2A3C13F814F6ECC70091BD84 /* KXMViewController.mm in Sources */ = {isa = PBXBuildFile; fileRef = 2A3C13F714F6ECC70091BD84 /* KXMViewController.mm */; };
		2A3C13FB14F6ECC70091BD84 /* KXMViewController_iPhone.xib in Resources */ = {isa = PBXBuildFile; fileRef = 2A3C13F914F6ECC70091BD84 /* KXMViewController_iPhone.xib */; };
		2A3C13FE14F6ECC70091BD84 /* KXMViewController_iPad.xib in Resources */ = {isa = PBXBuildFile; fileRef = 2A3C13FC14F6ECC70091BD84 /* KXMViewController_iPad.xib */; };
		2A41FB1D171204E100A078CF /* Simulation.cpp in Sources */ = {isa = PBXBuildFile; fileRef = 2A41FB1B171204E100A078CF /* Simulation.cpp */; };
		2A41FB20171204F900A078CF /* Presentation.cpp in Sources */ = {isa = PBXBuildFile; fileRef = 2A41FB1E171204F900A078CF /* Presentation.cpp */; };
		2A4A952115F4DEEA00E64389 /* Interface.cpp in Sources */ = {isa = PBXBuildFile; fileRef = 2A4A952015F4DEEA00E64389 /* Interface.cpp */; };
		2A4B91CB1C0399810079ACD6 /* Default-568h@2x.png in Resources */ = {isa = PBXBuildFile; fileRef = 2A4B91CA1C0399810079ACD6 /* Default-568h@2x.png */; };
		2A5E8AD41A114AAE0000617C /* ControlsEvent.cpp in Sources */ = {isa = PBXBuildFile; fileRef = 2A5E8AD31A114AAE0000617C /* ControlsEvent.cpp */; };
		2A5E8AD61A114AD00000617C /* MoveEvent.cpp in Sources */ = {isa = PBXBuildFile; fileRef = 2A5E8AD51A114AD00000617C /* MoveEvent.cpp */; };
		2A5E8AD81A114AEA0000617C /* VelocityEvent.cpp in Sources */ = {isa = PBXBuildFile; fileRef = 2A5E8AD71A114AEA0000617C /* VelocityEvent.cpp */; };
		2A5F063E1D85E68A00D50D2E /* PhysicsOverrideEvent.cpp in Sources */ = {isa = PBXBuildFile; fileRef = 2A5F063D1D85E68A00D50D2E /* PhysicsOverrideEvent.cpp */; };
		2A5F06411D8730FA00D50D2E /* Lander.cpp in Sources */ = {isa = PBXBuildFile; fileRef = 2A5F06401D8730FA00D50D2E /* Lander.cpp */; };
		2A5F06441D87371A00D50D2E /* Shot.cpp in Sources */ = {isa = PBXBuildFile; fileRef = 2A5F06431D87371A00D50D2E /* Shot.cpp */; };
		2A5F06471D873CCF00D50D2E /* Shot.cpp in Sources */ = {isa = PBXBuildFile; fileRef = 2A5F06461D873CCF00D50D2E /* Shot.cpp */; };
		2A5F064C1D874A9D00D50D2E /* Shot.cpp in Sources */ = {isa = PBXBuildFile; fileRef = 2A5F064B1D874A9D00D50D2E /* Shot.cpp */; };
		2A65AF5215361E710054F8E9 /* Camera.cpp in Sources */ = {isa = PBXBuildFile; fileRef = 2A65AF4B15361E700054F8E9 /* Camera.cpp */; };
		2A65AF5315361E710054F8E9 /* CoordSys.cpp in Sources */ = {isa = PBXBuildFile; fileRef = 2A65AF4C15361E700054F8E9 /* CoordSys.cpp */; };
		2A65AF5415361E710054F8E9 /* CoordSysCore.cpp in Sources */ = {isa = PBXBuildFile; fileRef = 2A65AF4D15361E700054F8E9 /* CoordSysCore.cpp */; };
		2A65AF5515361E710054F8E9 /* Geode.cpp in Sources */ = {isa = PBXBuildFile; fileRef = 2A65AF4E15361E700054F8E9 /* Geode.cpp */; };
		2A65AF5615361E710054F8E9 /* PerspectiveProjection.cpp in Sources */ = {isa = PBXBuildFile; fileRef = 2A65AF4F15361E700054F8E9 /* PerspectiveProjection.cpp */; };
		2A65AF5715361E710054F8E9 /* SceneGraphNode.cpp in Sources */ = {isa = PBXBuildFile; fileRef = 2A65AF5015361E700054F8E9 /* SceneGraphNode.cpp */; };
		2A65AF5815361E710054F8E9 /* TestTriangle.cpp in Sources */ = {isa = PBXBuildFile; fileRef = 2A65AF5115361E710054F8E9 /* TestTriangle.cpp */; };
		2A65AF6915362EF40054F8E9 /* IntModN.cpp in Sources */ = {isa = PBXBuildFile; fileRef = 2A65AF6815362EF40054F8E9 /* IntModN.cpp */; };
		2A663A621D8C7AE400437612 /* TimeEvent.cpp in Sources */ = {isa = PBXBuildFile; fileRef = 2A663A611D8C7AE400437612 /* TimeEvent.cpp */; };
		2A663A651D8CA07A00437612 /* Actor.cpp in Sources */ = {isa = PBXBuildFile; fileRef = 2A663A641D8CA07A00437612 /* Actor.cpp */; };
		2A6A2B631D8759C500DAC9D5 /* ActorTerminationEvent.cpp in Sources */ = {isa = PBXBuildFile; fileRef = 2A6A2B621D8759C500DAC9D5 /* ActorTerminationEvent.cpp */; };
		2A8AD4D6172D51ED007290C7 /* Physics.cpp in Sources */ = {isa = PBXBuildFile; fileRef = 2A8AD4D4172D51ED007290C7 /* Physics.cpp */; };
		2A8AD4DA172D7738007290C7 /* Lander.cpp in Sources */ = {isa = PBXBuildFile; fileRef = 2A8AD4D8172D7737007290C7 /* Lander.cpp */; };
		2A8AD4DE172D8527007290C7 /* Video.cpp in Sources */ = {isa = PBXBuildFile; fileRef = 2A8AD4DC172D8527007290C7 /* Video.cpp */; };
		2A9D7C1E154D9DF700D7DE2F /* CoreMotion.framework in Frameworks */ = {isa = PBXBuildFile; fileRef = 2A9D7C1D154D9DF700D7DE2F /* CoreMotion.framework */; };
		2AA9C65A1D67BD29003FD5D7 /* EventLoopHub.cpp in Sources */ = {isa = PBXBuildFile; fileRef = 2AA9C6591D67BD29003FD5D7 /* EventLoopHub.cpp */; };
		2AAC256215811661004A37C6 /* KXMGLView.mm in Sources */ = {isa = PBXBuildFile; fileRef = 2AAC256115811661004A37C6 /* KXMGLView.mm */; };
		2AAC25651584F405004A37C6 /* AgeColoredParticles.cpp in Sources */ = {isa = PBXBuildFile; fileRef = 2AAC25641584F405004A37C6 /* AgeColoredParticles.cpp */; };
		2AAC2568158D238A004A37C6 /* TerrainRenderer.cpp in Sources */ = {isa = PBXBuildFile; fileRef = 2AAC2567158D238A004A37C6 /* TerrainRenderer.cpp */; };
		2ABC807817064AD600D909FA /* Buffer.cpp in Sources */ = {isa = PBXBuildFile; fileRef = 2ABC807717064AD600D909FA /* Buffer.cpp */; };
		2ABE9CDC17305EC700F5251C /* StarField.cpp in Sources */ = {isa = PBXBuildFile; fileRef = 2ABE9CDB17305EC700F5251C /* StarField.cpp */; };
		2AC40A221556CEC700026789 /* Range.cpp in Sources */ = {isa = PBXBuildFile; fileRef = 2AC40A211556CEC700026789 /* Range.cpp */; };
		2AD5C1401C18DD3600B2CD92 /* EventHandlerCore.cpp in Sources */ = {isa = PBXBuildFile; fileRef = 2AD5C13F1C18DD3600B2CD92 /* EventHandlerCore.cpp */; };
		2ADD5C221A0175F1006533B8 /* Event.cpp in Sources */ = {isa = PBXBuildFile; fileRef = 2ADD5C211A0175F1006533B8 /* Event.cpp */; };
		2ADF9AF11D777CD3006C0B67 /* ActorNaming.cpp in Sources */ = {isa = PBXBuildFile; fileRef = 2ADF9AF01D777CD3006C0B67 /* ActorNaming.cpp */; };
		2ADF9AF71D778F56006C0B67 /* InitializationEvent.cpp in Sources */ = {isa = PBXBuildFile; fileRef = 2ADF9AF61D778F56006C0B67 /* InitializationEvent.cpp */; };
		2ADF9AF91D778F6E006C0B67 /* ActorCreationEvent.cpp in Sources */ = {isa = PBXBuildFile; fileRef = 2ADF9AF81D778F6E006C0B67 /* ActorCreationEvent.cpp */; };
		2AE1DD031621B69600306D89 /* logging.cpp in Sources */ = {isa = PBXBuildFile; fileRef = 2AE1DD011621B69600306D89 /* logging.cpp */; };
		2AECEF63154D6CC900033D14 /* Terrain.cpp in Sources */ = {isa = PBXBuildFile; fileRef = 2AECEF62154D6CC900033D14 /* Terrain.cpp */; };
		2AEECB37155EB90800AC21A2 /* Particles.cpp in Sources */ = {isa = PBXBuildFile; fileRef = 2AEECB36155EB90800AC21A2 /* Particles.cpp */; };
/* End PBXBuildFile section */

/* Begin PBXFileReference section */
		2A0C05691D7B15620018D865 /* Lander.h */ = {isa = PBXFileReference; lastKnownFileType = sourcecode.c.h; name = Lander.h; path = ../../../src/Zarch/include/Zarch/Video/Lander.h; sourceTree = "<group>"; };
		2A0C056A1D7B157F0018D865 /* Lander.cpp */ = {isa = PBXFileReference; fileEncoding = 4; lastKnownFileType = sourcecode.cpp.cpp; name = Lander.cpp; path = ../../../src/Zarch/Video/Lander.cpp; sourceTree = "<group>"; };
		2A0D28241D8B4830001AC162 /* AccelerationEvent.h */ = {isa = PBXFileReference; lastKnownFileType = sourcecode.c.h; name = AccelerationEvent.h; path = ../../../src/Zarch/include/Zarch/Events/AccelerationEvent.h; sourceTree = "<group>"; };
		2A0D28251D8B4856001AC162 /* AccelerationEvent.cpp */ = {isa = PBXFileReference; fileEncoding = 4; lastKnownFileType = sourcecode.cpp.cpp; name = AccelerationEvent.cpp; path = ../../../src/Zarch/Events/AccelerationEvent.cpp; sourceTree = "<group>"; };
		2A1303F1157BBFD900A89134 /* ParticlesRenderer.cpp */ = {isa = PBXFileReference; fileEncoding = 4; lastKnownFileType = sourcecode.cpp.cpp; name = ParticlesRenderer.cpp; path = ../../../src/Vectoid/ParticlesRenderer.cpp; sourceTree = "<group>"; };
		2A1351FE1D8202EC00F0AADF /* Data.h */ = {isa = PBXFileReference; lastKnownFileType = sourcecode.c.h; name = Data.h; path = ../../../src/Zarch/include/Zarch/Video/Data.h; sourceTree = "<group>"; };
		2A1352011D8472E300F0AADF /* ReusableActors.h */ = {isa = PBXFileReference; lastKnownFileType = sourcecode.c.h; name = ReusableActors.h; path = ../../../src/Game/include/Game/ReusableActors.h; sourceTree = "<group>"; };
		2A1352041D84780000F0AADF /* Data.h */ = {isa = PBXFileReference; lastKnownFileType = sourcecode.c.h; name = Data.h; path = ../../../src/Zarch/include/Zarch/Physics/Data.h; sourceTree = "<group>"; };
		2A1352051D84A1B900F0AADF /* Actions.h */ = {isa = PBXFileReference; lastKnownFileType = sourcecode.c.h; name = Actions.h; path = ../../../src/Game/include/Game/Actions.h; sourceTree = "<group>"; };
		2A1352091D84A20800F0AADF /* Actions.cpp */ = {isa = PBXFileReference; fileEncoding = 4; lastKnownFileType = sourcecode.cpp.cpp; name = Actions.cpp; path = ../../../src/Game/Actions.cpp; sourceTree = "<group>"; };
		2A137B921550814F000EDEA7 /* LanderGeometry.h */ = {isa = PBXFileReference; lastKnownFileType = sourcecode.c.h; name = LanderGeometry.h; path = ../../../src/Zarch/include/Zarch/LanderGeometry.h; sourceTree = "<group>"; };
		2A137B9415508165000EDEA7 /* LanderGeometry.cpp */ = {isa = PBXFileReference; fileEncoding = 4; lastKnownFileType = sourcecode.cpp.cpp; name = LanderGeometry.cpp; path = ../../../src/Zarch/LanderGeometry.cpp; sourceTree = "<group>"; };
		2A1AF9541A475DE9007D20A6 /* GameLogic.cpp */ = {isa = PBXFileReference; fileEncoding = 4; lastKnownFileType = sourcecode.cpp.cpp; name = GameLogic.cpp; path = ../../../src/Zarch/GameLogic/GameLogic.cpp; sourceTree = "<group>"; };
		2A2A6127166D1DF70073658E /* Zarch.h */ = {isa = PBXFileReference; lastKnownFileType = sourcecode.c.h; name = Zarch.h; path = ../../../src/Zarch/include/Zarch/Zarch.h; sourceTree = "<group>"; };
		2A2A6128166D1E960073658E /* Zarch.cpp */ = {isa = PBXFileReference; fileEncoding = 4; lastKnownFileType = sourcecode.cpp.cpp; name = Zarch.cpp; path = ../../../src/Zarch/Zarch.cpp; sourceTree = "<group>"; };
		2A2BF0D31560554700F6A771 /* MapParameters.h */ = {isa = PBXFileReference; lastKnownFileType = sourcecode.c.h; name = MapParameters.h; path = ../../../src/Zarch/include/Zarch/MapParameters.h; sourceTree = "<group>"; };
		2A2BF0D51560556000F6A771 /* MapParameters.cpp */ = {isa = PBXFileReference; fileEncoding = 4; lastKnownFileType = sourcecode.cpp.cpp; name = MapParameters.cpp; path = ../../../src/Zarch/MapParameters.cpp; sourceTree = "<group>"; };
		2A3046441D6D06F9007ED737 /* FrameGeneratedEvent.h */ = {isa = PBXFileReference; fileEncoding = 4; lastKnownFileType = sourcecode.c.h; name = FrameGeneratedEvent.h; path = ../../../src/Zarch/include/Zarch/Events/FrameGeneratedEvent.h; sourceTree = "<group>"; };
		2A3046451D6D07CC007ED737 /* FrameGeneratedEvent.cpp */ = {isa = PBXFileReference; fileEncoding = 4; lastKnownFileType = sourcecode.cpp.cpp; name = FrameGeneratedEvent.cpp; path = ../../../src/Zarch/Events/FrameGeneratedEvent.cpp; sourceTree = "<group>"; };
		2A3046471D734143007ED737 /* UpdatePhysicsEvent.h */ = {isa = PBXFileReference; lastKnownFileType = sourcecode.c.h; name = UpdatePhysicsEvent.h; path = ../../../src/Zarch/include/Zarch/Events/UpdatePhysicsEvent.h; sourceTree = "<group>"; };
		2A3046481D734168007ED737 /* PhysicsUpdatedEvent.h */ = {isa = PBXFileReference; lastKnownFileType = sourcecode.c.h; name = PhysicsUpdatedEvent.h; path = ../../../src/Zarch/include/Zarch/Events/PhysicsUpdatedEvent.h; sourceTree = "<group>"; };
		2A3046491D734210007ED737 /* UpdatePhysicsEvent.cpp */ = {isa = PBXFileReference; fileEncoding = 4; lastKnownFileType = sourcecode.cpp.cpp; name = UpdatePhysicsEvent.cpp; path = ../../../src/Zarch/Events/UpdatePhysicsEvent.cpp; sourceTree = "<group>"; };
		2A30464B1D734246007ED737 /* PhysicsUpdatedEvent.cpp */ = {isa = PBXFileReference; fileEncoding = 4; lastKnownFileType = sourcecode.cpp.cpp; name = PhysicsUpdatedEvent.cpp; path = ../../../src/Zarch/Events/PhysicsUpdatedEvent.cpp; sourceTree = "<group>"; };
		2A3C13D814F6ECC70091BD84 /* kxm.app */ = {isa = PBXFileReference; explicitFileType = wrapper.application; includeInIndex = 0; path = kxm.app; sourceTree = BUILT_PRODUCTS_DIR; };
		2A3C13DC14F6ECC70091BD84 /* UIKit.framework */ = {isa = PBXFileReference; lastKnownFileType = wrapper.framework; name = UIKit.framework; path = System/Library/Frameworks/UIKit.framework; sourceTree = SDKROOT; };
		2A3C13DE14F6ECC70091BD84 /* Foundation.framework */ = {isa = PBXFileReference; lastKnownFileType = wrapper.framework; name = Foundation.framework; path = System/Library/Frameworks/Foundation.framework; sourceTree = SDKROOT; };
		2A3C13E014F6ECC70091BD84 /* CoreGraphics.framework */ = {isa = PBXFileReference; lastKnownFileType = wrapper.framework; name = CoreGraphics.framework; path = System/Library/Frameworks/CoreGraphics.framework; sourceTree = SDKROOT; };
		2A3C13E214F6ECC70091BD84 /* GLKit.framework */ = {isa = PBXFileReference; lastKnownFileType = wrapper.framework; name = GLKit.framework; path = System/Library/Frameworks/GLKit.framework; sourceTree = SDKROOT; };
		2A3C13E414F6ECC70091BD84 /* OpenGLES.framework */ = {isa = PBXFileReference; lastKnownFileType = wrapper.framework; name = OpenGLES.framework; path = System/Library/Frameworks/OpenGLES.framework; sourceTree = SDKROOT; };
		2A3C13E814F6ECC70091BD84 /* kxm-Info.plist */ = {isa = PBXFileReference; lastKnownFileType = text.plist.xml; path = "kxm-Info.plist"; sourceTree = "<group>"; };
		2A3C13EA14F6ECC70091BD84 /* en */ = {isa = PBXFileReference; lastKnownFileType = text.plist.strings; name = en; path = en.lproj/InfoPlist.strings; sourceTree = "<group>"; };
		2A3C13EC14F6ECC70091BD84 /* main.mm */ = {isa = PBXFileReference; lastKnownFileType = sourcecode.cpp.objcpp; path = main.mm; sourceTree = "<group>"; };
		2A3C13EE14F6ECC70091BD84 /* kxm-Prefix.pch */ = {isa = PBXFileReference; lastKnownFileType = sourcecode.c.h; path = "kxm-Prefix.pch"; sourceTree = "<group>"; };
		2A3C13EF14F6ECC70091BD84 /* KXMAppDelegate.h */ = {isa = PBXFileReference; lastKnownFileType = sourcecode.c.h; path = KXMAppDelegate.h; sourceTree = "<group>"; };
		2A3C13F014F6ECC70091BD84 /* KXMAppDelegate.m */ = {isa = PBXFileReference; lastKnownFileType = sourcecode.c.objc; path = KXMAppDelegate.m; sourceTree = "<group>"; };
		2A3C13F614F6ECC70091BD84 /* KXMViewController.h */ = {isa = PBXFileReference; lastKnownFileType = sourcecode.c.h; path = KXMViewController.h; sourceTree = "<group>"; };
		2A3C13F714F6ECC70091BD84 /* KXMViewController.mm */ = {isa = PBXFileReference; lastKnownFileType = sourcecode.cpp.objcpp; path = KXMViewController.mm; sourceTree = "<group>"; };
		2A3C13FA14F6ECC70091BD84 /* en */ = {isa = PBXFileReference; lastKnownFileType = file.xib; name = en; path = en.lproj/KXMViewController_iPhone.xib; sourceTree = "<group>"; };
		2A3C13FD14F6ECC70091BD84 /* en */ = {isa = PBXFileReference; lastKnownFileType = file.xib; name = en; path = en.lproj/KXMViewController_iPad.xib; sourceTree = "<group>"; };
		2A41FB181711FC8900A078CF /* config.h */ = {isa = PBXFileReference; lastKnownFileType = sourcecode.c.h; name = config.h; path = ../../../src/kxm/Core/include/kxm/Core/config.h; sourceTree = "<group>"; };
		2A41FB19171204A000A078CF /* Simulation.h */ = {isa = PBXFileReference; lastKnownFileType = sourcecode.c.h; name = Simulation.h; path = ../../../src/Zarch/include/Zarch/Simulation.h; sourceTree = "<group>"; };
		2A41FB1A171204C200A078CF /* Presentation.h */ = {isa = PBXFileReference; lastKnownFileType = sourcecode.c.h; name = Presentation.h; path = ../../../src/Zarch/include/Zarch/Presentation.h; sourceTree = "<group>"; };
		2A41FB1B171204E100A078CF /* Simulation.cpp */ = {isa = PBXFileReference; fileEncoding = 4; lastKnownFileType = sourcecode.cpp.cpp; name = Simulation.cpp; path = ../../../src/Zarch/Simulation.cpp; sourceTree = "<group>"; };
		2A41FB1E171204F900A078CF /* Presentation.cpp */ = {isa = PBXFileReference; fileEncoding = 4; lastKnownFileType = sourcecode.cpp.cpp; name = Presentation.cpp; path = ../../../src/Zarch/Presentation.cpp; sourceTree = "<group>"; };
		2A4A952015F4DEEA00E64389 /* Interface.cpp */ = {isa = PBXFileReference; fileEncoding = 4; lastKnownFileType = sourcecode.cpp.cpp; name = Interface.cpp; path = ../../../src/kxm/Core/Interface.cpp; sourceTree = "<group>"; };
		2A4B91CA1C0399810079ACD6 /* Default-568h@2x.png */ = {isa = PBXFileReference; lastKnownFileType = image.png; path = "Default-568h@2x.png"; sourceTree = "<group>"; };
		2A5E8ACE1A1147370000617C /* ControlsEvent.h */ = {isa = PBXFileReference; lastKnownFileType = sourcecode.c.h; name = ControlsEvent.h; path = ../../../src/Zarch/include/Zarch/Events/ControlsEvent.h; sourceTree = "<group>"; };
		2A5E8ACF1A1148A50000617C /* MoveEvent.h */ = {isa = PBXFileReference; lastKnownFileType = sourcecode.c.h; name = MoveEvent.h; path = ../../../src/Zarch/include/Zarch/Events/MoveEvent.h; sourceTree = "<group>"; };
		2A5E8AD01A1149940000617C /* VelocityEvent.h */ = {isa = PBXFileReference; lastKnownFileType = sourcecode.c.h; name = VelocityEvent.h; path = ../../../src/Zarch/include/Zarch/Events/VelocityEvent.h; sourceTree = "<group>"; };
		2A5E8AD31A114AAE0000617C /* ControlsEvent.cpp */ = {isa = PBXFileReference; fileEncoding = 4; lastKnownFileType = sourcecode.cpp.cpp; name = ControlsEvent.cpp; path = ../../../src/Zarch/Events/ControlsEvent.cpp; sourceTree = "<group>"; };
		2A5E8AD51A114AD00000617C /* MoveEvent.cpp */ = {isa = PBXFileReference; fileEncoding = 4; lastKnownFileType = sourcecode.cpp.cpp; name = MoveEvent.cpp; path = ../../../src/Zarch/Events/MoveEvent.cpp; sourceTree = "<group>"; };
		2A5E8AD71A114AEA0000617C /* VelocityEvent.cpp */ = {isa = PBXFileReference; fileEncoding = 4; lastKnownFileType = sourcecode.cpp.cpp; name = VelocityEvent.cpp; path = ../../../src/Zarch/Events/VelocityEvent.cpp; sourceTree = "<group>"; };
		2A5F063B1D85D30900D50D2E /* ActorInfo.h */ = {isa = PBXFileReference; lastKnownFileType = sourcecode.c.h; name = ActorInfo.h; path = ../../../src/Zarch/include/Zarch/ActorInfo.h; sourceTree = "<group>"; };
		2A5F063C1D85E67200D50D2E /* PhysicsOverrideEvent.h */ = {isa = PBXFileReference; lastKnownFileType = sourcecode.c.h; name = PhysicsOverrideEvent.h; path = ../../../src/Zarch/include/Zarch/Events/PhysicsOverrideEvent.h; sourceTree = "<group>"; };
		2A5F063D1D85E68A00D50D2E /* PhysicsOverrideEvent.cpp */ = {isa = PBXFileReference; fileEncoding = 4; lastKnownFileType = sourcecode.cpp.cpp; name = PhysicsOverrideEvent.cpp; path = ../../../src/Zarch/Events/PhysicsOverrideEvent.cpp; sourceTree = "<group>"; };
		2A5F063F1D8730E400D50D2E /* Lander.h */ = {isa = PBXFileReference; lastKnownFileType = sourcecode.c.h; name = Lander.h; path = ../../../src/Zarch/include/Zarch/GameLogic/Lander.h; sourceTree = "<group>"; };
		2A5F06401D8730FA00D50D2E /* Lander.cpp */ = {isa = PBXFileReference; fileEncoding = 4; lastKnownFileType = sourcecode.cpp.cpp; name = Lander.cpp; path = ../../../src/Zarch/GameLogic/Lander.cpp; sourceTree = "<group>"; };
		2A5F06421D87370500D50D2E /* Shot.h */ = {isa = PBXFileReference; lastKnownFileType = sourcecode.c.h; name = Shot.h; path = ../../../src/Zarch/include/Zarch/GameLogic/Shot.h; sourceTree = "<group>"; };
		2A5F06431D87371A00D50D2E /* Shot.cpp */ = {isa = PBXFileReference; fileEncoding = 4; lastKnownFileType = sourcecode.cpp.cpp; name = Shot.cpp; path = ../../../src/Zarch/GameLogic/Shot.cpp; sourceTree = "<group>"; };
		2A5F06461D873CCF00D50D2E /* Shot.cpp */ = {isa = PBXFileReference; fileEncoding = 4; lastKnownFileType = sourcecode.cpp.cpp; name = Shot.cpp; path = ../../../src/Zarch/Video/Shot.cpp; sourceTree = "<group>"; };
		2A5F06481D873D1700D50D2E /* Shot.h */ = {isa = PBXFileReference; lastKnownFileType = sourcecode.c.h; name = Shot.h; path = ../../../src/Zarch/include/Zarch/Video/Shot.h; sourceTree = "<group>"; };
		2A5F06491D8749D100D50D2E /* Shot.h */ = {isa = PBXFileReference; lastKnownFileType = sourcecode.c.h; name = Shot.h; path = ../../../src/Zarch/include/Zarch/Physics/Shot.h; sourceTree = "<group>"; };
		2A5F064B1D874A9D00D50D2E /* Shot.cpp */ = {isa = PBXFileReference; fileEncoding = 4; lastKnownFileType = sourcecode.cpp.cpp; name = Shot.cpp; path = ../../../src/Zarch/Physics/Shot.cpp; sourceTree = "<group>"; };
		2A63D013150CF5A50068E054 /* Transform.h */ = {isa = PBXFileReference; fileEncoding = 4; lastKnownFileType = sourcecode.c.h; name = Transform.h; path = ../../src/Vectoid/include/Vectoid/Transform.h; sourceTree = "<group>"; };
		2A65AF4B15361E700054F8E9 /* Camera.cpp */ = {isa = PBXFileReference; fileEncoding = 4; lastKnownFileType = sourcecode.cpp.cpp; name = Camera.cpp; path = ../../../src/Vectoid/Camera.cpp; sourceTree = "<group>"; };
		2A65AF4C15361E700054F8E9 /* CoordSys.cpp */ = {isa = PBXFileReference; fileEncoding = 4; lastKnownFileType = sourcecode.cpp.cpp; name = CoordSys.cpp; path = ../../../src/Vectoid/CoordSys.cpp; sourceTree = "<group>"; };
		2A65AF4D15361E700054F8E9 /* CoordSysCore.cpp */ = {isa = PBXFileReference; fileEncoding = 4; lastKnownFileType = sourcecode.cpp.cpp; name = CoordSysCore.cpp; path = ../../../src/Vectoid/CoordSysCore.cpp; sourceTree = "<group>"; };
		2A65AF4E15361E700054F8E9 /* Geode.cpp */ = {isa = PBXFileReference; fileEncoding = 4; lastKnownFileType = sourcecode.cpp.cpp; name = Geode.cpp; path = ../../../src/Vectoid/Geode.cpp; sourceTree = "<group>"; };
		2A65AF4F15361E700054F8E9 /* PerspectiveProjection.cpp */ = {isa = PBXFileReference; fileEncoding = 4; lastKnownFileType = sourcecode.cpp.cpp; name = PerspectiveProjection.cpp; path = ../../../src/Vectoid/PerspectiveProjection.cpp; sourceTree = "<group>"; };
		2A65AF5015361E700054F8E9 /* SceneGraphNode.cpp */ = {isa = PBXFileReference; fileEncoding = 4; lastKnownFileType = sourcecode.cpp.cpp; name = SceneGraphNode.cpp; path = ../../../src/Vectoid/SceneGraphNode.cpp; sourceTree = "<group>"; };
		2A65AF5115361E710054F8E9 /* TestTriangle.cpp */ = {isa = PBXFileReference; fileEncoding = 4; lastKnownFileType = sourcecode.cpp.cpp; name = TestTriangle.cpp; path = ../../../src/Vectoid/TestTriangle.cpp; sourceTree = "<group>"; };
		2A65AF64153622DB0054F8E9 /* Interface.h */ = {isa = PBXFileReference; fileEncoding = 4; lastKnownFileType = sourcecode.c.h; name = Interface.h; path = ../../../src/kxm/Core/include/kxm/Core/Interface.h; sourceTree = "<group>"; };
		2A65AF671536281D0054F8E9 /* IntModN.h */ = {isa = PBXFileReference; lastKnownFileType = sourcecode.c.h; name = IntModN.h; path = ../../../src/kxm/Core/include/kxm/Core/IntModN.h; sourceTree = "<group>"; };
		2A65AF6815362EF40054F8E9 /* IntModN.cpp */ = {isa = PBXFileReference; fileEncoding = 4; lastKnownFileType = sourcecode.cpp.cpp; name = IntModN.cpp; path = ../../../src/kxm/Core/IntModN.cpp; sourceTree = "<group>"; };
		2A65AF6A153631DC0054F8E9 /* NumberTools.h */ = {isa = PBXFileReference; lastKnownFileType = sourcecode.c.h; name = NumberTools.h; path = ../../../src/kxm/Core/include/kxm/Core/NumberTools.h; sourceTree = "<group>"; };
		2A663A601D8C7AC000437612 /* TimeEvent.h */ = {isa = PBXFileReference; lastKnownFileType = sourcecode.c.h; name = TimeEvent.h; path = ../../../src/Zarch/include/Zarch/Events/TimeEvent.h; sourceTree = "<group>"; };
		2A663A611D8C7AE400437612 /* TimeEvent.cpp */ = {isa = PBXFileReference; fileEncoding = 4; lastKnownFileType = sourcecode.cpp.cpp; name = TimeEvent.cpp; path = ../../../src/Zarch/Events/TimeEvent.cpp; sourceTree = "<group>"; };
		2A663A631D8C9F2F00437612 /* Actor.h */ = {isa = PBXFileReference; lastKnownFileType = sourcecode.c.h; name = Actor.h; path = ../../../src/Zarch/include/Zarch/Physics/Actor.h; sourceTree = "<group>"; };
		2A663A641D8CA07A00437612 /* Actor.cpp */ = {isa = PBXFileReference; fileEncoding = 4; lastKnownFileType = sourcecode.cpp.cpp; name = Actor.cpp; path = ../../../src/Zarch/Physics/Actor.cpp; sourceTree = "<group>"; };
		2A6A2B611D87599C00DAC9D5 /* ActorTerminationEvent.h */ = {isa = PBXFileReference; lastKnownFileType = sourcecode.c.h; name = ActorTerminationEvent.h; path = ../../../src/Zarch/include/Zarch/Events/ActorTerminationEvent.h; sourceTree = "<group>"; };
		2A6A2B621D8759C500DAC9D5 /* ActorTerminationEvent.cpp */ = {isa = PBXFileReference; fileEncoding = 4; lastKnownFileType = sourcecode.cpp.cpp; name = ActorTerminationEvent.cpp; path = ../../../src/Zarch/Events/ActorTerminationEvent.cpp; sourceTree = "<group>"; };
		2A8AD4D3172D51BD007290C7 /* Physics.h */ = {isa = PBXFileReference; lastKnownFileType = sourcecode.c.h; name = Physics.h; path = ../../../src/Zarch/include/Zarch/Physics/Physics.h; sourceTree = "<group>"; };
		2A8AD4D4172D51ED007290C7 /* Physics.cpp */ = {isa = PBXFileReference; fileEncoding = 4; lastKnownFileType = sourcecode.cpp.cpp; name = Physics.cpp; path = ../../../src/Zarch/Physics/Physics.cpp; sourceTree = "<group>"; };
		2A8AD4D7172D75F2007290C7 /* Lander.h */ = {isa = PBXFileReference; lastKnownFileType = sourcecode.c.h; name = Lander.h; path = ../../../src/Zarch/include/Zarch/Physics/Lander.h; sourceTree = "<group>"; };
		2A8AD4D8172D7737007290C7 /* Lander.cpp */ = {isa = PBXFileReference; fileEncoding = 4; lastKnownFileType = sourcecode.cpp.cpp; name = Lander.cpp; path = ../../../src/Zarch/Physics/Lander.cpp; sourceTree = "<group>"; };
		2A8AD4DB172D84A3007290C7 /* Video.h */ = {isa = PBXFileReference; lastKnownFileType = sourcecode.c.h; name = Video.h; path = ../../../src/Zarch/include/Zarch/Video/Video.h; sourceTree = "<group>"; };
		2A8AD4DC172D8527007290C7 /* Video.cpp */ = {isa = PBXFileReference; fileEncoding = 4; lastKnownFileType = sourcecode.cpp.cpp; name = Video.cpp; path = ../../../src/Zarch/Video/Video.cpp; sourceTree = "<group>"; };
		2A9067991A586FDB001154D8 /* GameLogic.h */ = {isa = PBXFileReference; lastKnownFileType = sourcecode.c.h; name = GameLogic.h; path = ../../../src/Zarch/include/Zarch/GameLogic/GameLogic.h; sourceTree = "<group>"; };
		2A9D7C1D154D9DF700D7DE2F /* CoreMotion.framework */ = {isa = PBXFileReference; lastKnownFileType = wrapper.framework; name = CoreMotion.framework; path = System/Library/Frameworks/CoreMotion.framework; sourceTree = SDKROOT; };
		2AA9C6581D67B8DA003FD5D7 /* EventLoopHub.h */ = {isa = PBXFileReference; fileEncoding = 4; lastKnownFileType = sourcecode.c.h; name = EventLoopHub.h; path = ../../../src/Game/include/Game/EventLoopHub.h; sourceTree = "<group>"; };
		2AA9C6591D67BD29003FD5D7 /* EventLoopHub.cpp */ = {isa = PBXFileReference; fileEncoding = 4; lastKnownFileType = sourcecode.cpp.cpp; name = EventLoopHub.cpp; path = ../../../src/Game/EventLoopHub.cpp; sourceTree = "<group>"; };
		2AA9C65B1D6A51F9003FD5D7 /* EventLoop.h */ = {isa = PBXFileReference; fileEncoding = 4; lastKnownFileType = sourcecode.c.h; name = EventLoop.h; path = ../../../src/Game/include/Game/EventLoop.h; sourceTree = "<group>"; };
		2AAC255E15810118004A37C6 /* ControlsState.h */ = {isa = PBXFileReference; lastKnownFileType = sourcecode.c.h; name = ControlsState.h; path = ../../../src/Zarch/include/Zarch/ControlsState.h; sourceTree = "<group>"; };
		2AAC256015811661004A37C6 /* KXMGLView.h */ = {isa = PBXFileReference; fileEncoding = 4; lastKnownFileType = sourcecode.c.h; path = KXMGLView.h; sourceTree = "<group>"; };
		2AAC256115811661004A37C6 /* KXMGLView.mm */ = {isa = PBXFileReference; fileEncoding = 4; lastKnownFileType = sourcecode.cpp.objcpp; path = KXMGLView.mm; sourceTree = "<group>"; };
		2AAC25641584F405004A37C6 /* AgeColoredParticles.cpp */ = {isa = PBXFileReference; fileEncoding = 4; lastKnownFileType = sourcecode.cpp.cpp; name = AgeColoredParticles.cpp; path = ../../../src/Vectoid/AgeColoredParticles.cpp; sourceTree = "<group>"; };
		2AAC2566158D223D004A37C6 /* TerrainRenderer.h */ = {isa = PBXFileReference; lastKnownFileType = sourcecode.c.h; name = TerrainRenderer.h; path = ../../../src/Zarch/include/Zarch/Video/TerrainRenderer.h; sourceTree = "<group>"; };
		2AAC2567158D238A004A37C6 /* TerrainRenderer.cpp */ = {isa = PBXFileReference; fileEncoding = 4; lastKnownFileType = sourcecode.cpp.cpp; name = TerrainRenderer.cpp; path = ../../../src/Zarch/Video/TerrainRenderer.cpp; sourceTree = "<group>"; };
		2AAD2FB51C0BA26900753BD6 /* AgeColoredParticles.h */ = {isa = PBXFileReference; fileEncoding = 4; lastKnownFileType = sourcecode.c.h; name = AgeColoredParticles.h; path = ../../src/Vectoid/include/Vectoid/AgeColoredParticles.h; sourceTree = "<group>"; };
		2AAD2FB61C0BA26900753BD6 /* Camera.h */ = {isa = PBXFileReference; fileEncoding = 4; lastKnownFileType = sourcecode.c.h; name = Camera.h; path = ../../src/Vectoid/include/Vectoid/Camera.h; sourceTree = "<group>"; };
		2AAD2FB71C0BA26900753BD6 /* CoordSys.h */ = {isa = PBXFileReference; fileEncoding = 4; lastKnownFileType = sourcecode.c.h; name = CoordSys.h; path = ../../src/Vectoid/include/Vectoid/CoordSys.h; sourceTree = "<group>"; };
		2AAD2FB81C0BA26900753BD6 /* CoordSysCore.h */ = {isa = PBXFileReference; fileEncoding = 4; lastKnownFileType = sourcecode.c.h; name = CoordSysCore.h; path = ../../src/Vectoid/include/Vectoid/CoordSysCore.h; sourceTree = "<group>"; };
		2AAD2FB91C0BA26900753BD6 /* CoordSysInterface.h */ = {isa = PBXFileReference; fileEncoding = 4; lastKnownFileType = sourcecode.c.h; name = CoordSysInterface.h; path = ../../src/Vectoid/include/Vectoid/CoordSysInterface.h; sourceTree = "<group>"; };
		2AAD2FBA1C0BA26900753BD6 /* Geode.h */ = {isa = PBXFileReference; fileEncoding = 4; lastKnownFileType = sourcecode.c.h; name = Geode.h; path = ../../src/Vectoid/include/Vectoid/Geode.h; sourceTree = "<group>"; };
		2AAD2FBB1C0BA26900753BD6 /* GeometryInterface.h */ = {isa = PBXFileReference; fileEncoding = 4; lastKnownFileType = sourcecode.c.h; name = GeometryInterface.h; path = ../../src/Vectoid/include/Vectoid/GeometryInterface.h; sourceTree = "<group>"; };
		2AAD2FBC1C0BA26900753BD6 /* OpenGL.h */ = {isa = PBXFileReference; fileEncoding = 4; lastKnownFileType = sourcecode.c.h; name = OpenGL.h; path = ../../src/Vectoid/include/Vectoid/OpenGL.h; sourceTree = "<group>"; };
		2AAD2FBD1C0BA26900753BD6 /* Particles.h */ = {isa = PBXFileReference; fileEncoding = 4; lastKnownFileType = sourcecode.c.h; name = Particles.h; path = ../../src/Vectoid/include/Vectoid/Particles.h; sourceTree = "<group>"; };
		2AAD2FBE1C0BA26900753BD6 /* ParticlesRenderer.h */ = {isa = PBXFileReference; fileEncoding = 4; lastKnownFileType = sourcecode.c.h; name = ParticlesRenderer.h; path = ../../src/Vectoid/include/Vectoid/ParticlesRenderer.h; sourceTree = "<group>"; };
		2AAD2FBF1C0BA26900753BD6 /* PerspectiveProjection.h */ = {isa = PBXFileReference; fileEncoding = 4; lastKnownFileType = sourcecode.c.h; name = PerspectiveProjection.h; path = ../../src/Vectoid/include/Vectoid/PerspectiveProjection.h; sourceTree = "<group>"; };
		2AAD2FC01C0BA26900753BD6 /* Range.h */ = {isa = PBXFileReference; fileEncoding = 4; lastKnownFileType = sourcecode.c.h; name = Range.h; path = ../../src/Vectoid/include/Vectoid/Range.h; sourceTree = "<group>"; };
		2AAD2FC11C0BA26900753BD6 /* SceneGraphNode.h */ = {isa = PBXFileReference; fileEncoding = 4; lastKnownFileType = sourcecode.c.h; name = SceneGraphNode.h; path = ../../src/Vectoid/include/Vectoid/SceneGraphNode.h; sourceTree = "<group>"; };
		2AAD2FC21C0BA26900753BD6 /* TestTriangle.h */ = {isa = PBXFileReference; fileEncoding = 4; lastKnownFileType = sourcecode.c.h; name = TestTriangle.h; path = ../../src/Vectoid/include/Vectoid/TestTriangle.h; sourceTree = "<group>"; };
		2AAD2FC31C0BA26900753BD6 /* Vector.h */ = {isa = PBXFileReference; fileEncoding = 4; lastKnownFileType = sourcecode.c.h; name = Vector.h; path = ../../src/Vectoid/include/Vectoid/Vector.h; sourceTree = "<group>"; };
		2ABC807617064ABC00D909FA /* Buffer.h */ = {isa = PBXFileReference; lastKnownFileType = sourcecode.c.h; name = Buffer.h; path = ../../../src/kxm/Core/include/kxm/Core/Buffer.h; sourceTree = "<group>"; };
		2ABC807717064AD600D909FA /* Buffer.cpp */ = {isa = PBXFileReference; fileEncoding = 4; lastKnownFileType = sourcecode.cpp.cpp; name = Buffer.cpp; path = ../../../src/kxm/Core/Buffer.cpp; sourceTree = "<group>"; };
		2ABC808617074C6200D909FA /* terminal.h */ = {isa = PBXFileReference; lastKnownFileType = sourcecode.c.h; name = terminal.h; path = ../../../src/kxm/Core/include/kxm/Core/terminal.h; sourceTree = "<group>"; };
		2ABC8087170759F000D909FA /* ActionInterface.h */ = {isa = PBXFileReference; lastKnownFileType = sourcecode.c.h; name = ActionInterface.h; path = ../../../src/kxm/Core/include/kxm/Core/ActionInterface.h; sourceTree = "<group>"; };
		2ABE9CDB17305EC700F5251C /* StarField.cpp */ = {isa = PBXFileReference; fileEncoding = 4; lastKnownFileType = sourcecode.cpp.cpp; name = StarField.cpp; path = ../../../src/Zarch/Video/StarField.cpp; sourceTree = "<group>"; };
		2ABE9CDD17305F1F00F5251C /* StarField.h */ = {isa = PBXFileReference; lastKnownFileType = sourcecode.c.h; name = StarField.h; path = ../../../src/Zarch/include/Zarch/Video/StarField.h; sourceTree = "<group>"; };
		2AC40A211556CEC700026789 /* Range.cpp */ = {isa = PBXFileReference; fileEncoding = 4; lastKnownFileType = sourcecode.cpp.cpp; name = Range.cpp; path = ../../../src/Vectoid/Range.cpp; sourceTree = "<group>"; };
		2AD5C13E1C18D94800B2CD92 /* EventHandlerCore.h */ = {isa = PBXFileReference; lastKnownFileType = sourcecode.c.h; name = EventHandlerCore.h; path = ../../../src/Zarch/include/Zarch/EventHandlerCore.h; sourceTree = "<group>"; };
		2AD5C13F1C18DD3600B2CD92 /* EventHandlerCore.cpp */ = {isa = PBXFileReference; fileEncoding = 4; lastKnownFileType = sourcecode.cpp.cpp; name = EventHandlerCore.cpp; path = ../../../src/Zarch/EventHandlerCore.cpp; sourceTree = "<group>"; };
		2AD67A5B1D8A05E800498734 /* Data.h */ = {isa = PBXFileReference; lastKnownFileType = sourcecode.c.h; name = Data.h; path = ../../../src/Zarch/include/Zarch/GameLogic/Data.h; sourceTree = "<group>"; };
		2ADD5C201A017271006533B8 /* Event.h */ = {isa = PBXFileReference; lastKnownFileType = sourcecode.c.h; name = Event.h; path = ../../../src/Game/include/Game/Event.h; sourceTree = "<group>"; };
		2ADD5C211A0175F1006533B8 /* Event.cpp */ = {isa = PBXFileReference; fileEncoding = 4; lastKnownFileType = sourcecode.cpp.cpp; name = Event.cpp; path = ../../../src/Game/Event.cpp; sourceTree = "<group>"; };
		2ADD5C291A019BBD006533B8 /* ZarchEvent.h */ = {isa = PBXFileReference; lastKnownFileType = sourcecode.c.h; name = ZarchEvent.h; path = ../../../src/Zarch/include/Zarch/Events/ZarchEvent.h; sourceTree = "<group>"; };
		2ADF9AED1D7778C1006C0B67 /* ActorName.h */ = {isa = PBXFileReference; lastKnownFileType = sourcecode.c.h; name = ActorName.h; path = ../../../src/Game/include/Game/ActorName.h; sourceTree = "<group>"; };
		2ADF9AEE1D777A41006C0B67 /* ActorNaming.h */ = {isa = PBXFileReference; lastKnownFileType = sourcecode.c.h; name = ActorNaming.h; path = ../../../src/Game/include/Game/ActorNaming.h; sourceTree = "<group>"; };
		2ADF9AEF1D777AAE006C0B67 /* ActorMap.h */ = {isa = PBXFileReference; lastKnownFileType = sourcecode.c.h; name = ActorMap.h; path = ../../../src/Game/include/Game/ActorMap.h; sourceTree = "<group>"; };
		2ADF9AF01D777CD3006C0B67 /* ActorNaming.cpp */ = {isa = PBXFileReference; fileEncoding = 4; lastKnownFileType = sourcecode.cpp.cpp; name = ActorNaming.cpp; path = ../../../src/Game/ActorNaming.cpp; sourceTree = "<group>"; };
		2ADF9AF41D778E4D006C0B67 /* InitializationEvent.h */ = {isa = PBXFileReference; lastKnownFileType = sourcecode.c.h; name = InitializationEvent.h; path = ../../../src/Zarch/include/Zarch/Events/InitializationEvent.h; sourceTree = "<group>"; };
		2ADF9AF51D778EA9006C0B67 /* ActorCreationEvent.h */ = {isa = PBXFileReference; lastKnownFileType = sourcecode.c.h; name = ActorCreationEvent.h; path = ../../../src/Zarch/include/Zarch/Events/ActorCreationEvent.h; sourceTree = "<group>"; };
		2ADF9AF61D778F56006C0B67 /* InitializationEvent.cpp */ = {isa = PBXFileReference; fileEncoding = 4; lastKnownFileType = sourcecode.cpp.cpp; name = InitializationEvent.cpp; path = ../../../src/Zarch/Events/InitializationEvent.cpp; sourceTree = "<group>"; };
		2ADF9AF81D778F6E006C0B67 /* ActorCreationEvent.cpp */ = {isa = PBXFileReference; fileEncoding = 4; lastKnownFileType = sourcecode.cpp.cpp; name = ActorCreationEvent.cpp; path = ../../../src/Zarch/Events/ActorCreationEvent.cpp; sourceTree = "<group>"; };
		2ADF9AFA1D7794ED006C0B67 /* ActorType.h */ = {isa = PBXFileReference; lastKnownFileType = sourcecode.c.h; name = ActorType.h; path = ../../../src/Zarch/include/Zarch/ActorType.h; sourceTree = "<group>"; };
		2AE1DD001621B5FA00306D89 /* logging.h */ = {isa = PBXFileReference; lastKnownFileType = sourcecode.c.h; name = logging.h; path = ../../../src/kxm/Core/include/kxm/Core/logging.h; sourceTree = "<group>"; };
		2AE1DD011621B69600306D89 /* logging.cpp */ = {isa = PBXFileReference; fileEncoding = 4; lastKnownFileType = sourcecode.cpp.cpp; name = logging.cpp; path = ../../../src/kxm/Core/logging.cpp; sourceTree = "<group>"; };
		2AECEF61154D6CAF00033D14 /* Terrain.h */ = {isa = PBXFileReference; lastKnownFileType = sourcecode.c.h; name = Terrain.h; path = ../../../src/Zarch/include/Zarch/Terrain.h; sourceTree = "<group>"; };
		2AECEF62154D6CC900033D14 /* Terrain.cpp */ = {isa = PBXFileReference; fileEncoding = 4; lastKnownFileType = sourcecode.cpp.cpp; name = Terrain.cpp; path = ../../../src/Zarch/Terrain.cpp; sourceTree = "<group>"; };
		2AEECB36155EB90800AC21A2 /* Particles.cpp */ = {isa = PBXFileReference; fileEncoding = 4; lastKnownFileType = sourcecode.cpp.cpp; name = Particles.cpp; path = ../../../src/Vectoid/Particles.cpp; sourceTree = "<group>"; };
		2AFDAED016C5A24C00C003DA /* ReusableItems.h */ = {isa = PBXFileReference; lastKnownFileType = sourcecode.c.h; name = ReusableItems.h; path = ../../../src/kxm/Core/include/kxm/Core/ReusableItems.h; sourceTree = "<group>"; };
/* End PBXFileReference section */

/* Begin PBXFrameworksBuildPhase section */
		2A3C13D514F6ECC70091BD84 /* Frameworks */ = {
			isa = PBXFrameworksBuildPhase;
			buildActionMask = 2147483647;
			files = (
				2A9D7C1E154D9DF700D7DE2F /* CoreMotion.framework in Frameworks */,
				2A3C13DD14F6ECC70091BD84 /* UIKit.framework in Frameworks */,
				2A3C13DF14F6ECC70091BD84 /* Foundation.framework in Frameworks */,
				2A3C13E114F6ECC70091BD84 /* CoreGraphics.framework in Frameworks */,
				2A3C13E314F6ECC70091BD84 /* GLKit.framework in Frameworks */,
				2A3C13E514F6ECC70091BD84 /* OpenGLES.framework in Frameworks */,
			);
			runOnlyForDeploymentPostprocessing = 0;
		};
/* End PBXFrameworksBuildPhase section */

/* Begin PBXGroup section */
		2A2A6121166B7FAB0073658E /* Video */ = {
			isa = PBXGroup;
			children = (
				2A8AD4DB172D84A3007290C7 /* Video.h */,
				2A1351FE1D8202EC00F0AADF /* Data.h */,
				2A0C05691D7B15620018D865 /* Lander.h */,
				2A5F06481D873D1700D50D2E /* Shot.h */,
				2ABE9CDD17305F1F00F5251C /* StarField.h */,
				2AAC2566158D223D004A37C6 /* TerrainRenderer.h */,
			);
			name = Video;
			sourceTree = "<group>";
		};
		2A2A6122166B7FB50073658E /* GameLogic */ = {
			isa = PBXGroup;
			children = (
				2A9067991A586FDB001154D8 /* GameLogic.h */,
				2AD67A5B1D8A05E800498734 /* Data.h */,
				2A5F063F1D8730E400D50D2E /* Lander.h */,
				2A5F06421D87370500D50D2E /* Shot.h */,
			);
			name = GameLogic;
			sourceTree = "<group>";
		};
		2A2A6123166B7FBF0073658E /* Physics */ = {
			isa = PBXGroup;
			children = (
				2A8AD4D3172D51BD007290C7 /* Physics.h */,
				2A1352041D84780000F0AADF /* Data.h */,
				2A663A631D8C9F2F00437612 /* Actor.h */,
				2A8AD4D7172D75F2007290C7 /* Lander.h */,
				2A5F06491D8749D100D50D2E /* Shot.h */,
			);
			name = Physics;
			sourceTree = "<group>";
		};
		2A2A6124166B811F0073658E /* Physics */ = {
			isa = PBXGroup;
			children = (
				2A8AD4D4172D51ED007290C7 /* Physics.cpp */,
				2A663A641D8CA07A00437612 /* Actor.cpp */,
				2A8AD4D8172D7737007290C7 /* Lander.cpp */,
				2A5F064B1D874A9D00D50D2E /* Shot.cpp */,
			);
			name = Physics;
			sourceTree = "<group>";
		};
		2A2A6125166B81280073658E /* Video */ = {
			isa = PBXGroup;
			children = (
				2A8AD4DC172D8527007290C7 /* Video.cpp */,
				2A0C056A1D7B157F0018D865 /* Lander.cpp */,
				2A5F06461D873CCF00D50D2E /* Shot.cpp */,
				2ABE9CDB17305EC700F5251C /* StarField.cpp */,
				2AAC2567158D238A004A37C6 /* TerrainRenderer.cpp */,
			);
			name = Video;
			sourceTree = "<group>";
		};
		2A2A6126166B812E0073658E /* GameLogic */ = {
			isa = PBXGroup;
			children = (
				2A1AF9541A475DE9007D20A6 /* GameLogic.cpp */,
				2A5F06401D8730FA00D50D2E /* Lander.cpp */,
				2A5F06431D87371A00D50D2E /* Shot.cpp */,
			);
			name = GameLogic;
			sourceTree = "<group>";
		};
		2A3C13CD14F6ECC60091BD84 = {
			isa = PBXGroup;
			children = (
				2A4B91CA1C0399810079ACD6 /* Default-568h@2x.png */,
				2A3C13E614F6ECC70091BD84 /* kxm */,
				2A3C13DB14F6ECC70091BD84 /* Frameworks */,
				2A3C13D914F6ECC70091BD84 /* Products */,
			);
			sourceTree = "<group>";
		};
		2A3C13D914F6ECC70091BD84 /* Products */ = {
			isa = PBXGroup;
			children = (
				2A3C13D814F6ECC70091BD84 /* kxm.app */,
			);
			name = Products;
			sourceTree = "<group>";
		};
		2A3C13DB14F6ECC70091BD84 /* Frameworks */ = {
			isa = PBXGroup;
			children = (
				2A9D7C1D154D9DF700D7DE2F /* CoreMotion.framework */,
				2A3C13DC14F6ECC70091BD84 /* UIKit.framework */,
				2A3C13DE14F6ECC70091BD84 /* Foundation.framework */,
				2A3C13E014F6ECC70091BD84 /* CoreGraphics.framework */,
				2A3C13E214F6ECC70091BD84 /* GLKit.framework */,
				2A3C13E414F6ECC70091BD84 /* OpenGLES.framework */,
			);
			name = Frameworks;
			sourceTree = "<group>";
		};
		2A3C13E614F6ECC70091BD84 /* kxm */ = {
			isa = PBXGroup;
			children = (
				2A65AF5915361EC60054F8E9 /* Core */,
				2AECEF4F154D60E600033D14 /* Game */,
				2A3C140414F6F2950091BD84 /* Vectoid */,
				2AECEF5A154D686800033D14 /* Zarch */,
				2A3C13EF14F6ECC70091BD84 /* KXMAppDelegate.h */,
				2A3C13F014F6ECC70091BD84 /* KXMAppDelegate.m */,
				2AAC256015811661004A37C6 /* KXMGLView.h */,
				2AAC256115811661004A37C6 /* KXMGLView.mm */,
				2A3C13F614F6ECC70091BD84 /* KXMViewController.h */,
				2A3C13F714F6ECC70091BD84 /* KXMViewController.mm */,
				2A3C13F914F6ECC70091BD84 /* KXMViewController_iPhone.xib */,
				2A3C13FC14F6ECC70091BD84 /* KXMViewController_iPad.xib */,
				2A3C13E714F6ECC70091BD84 /* Supporting Files */,
			);
			path = kxm;
			sourceTree = "<group>";
		};
		2A3C13E714F6ECC70091BD84 /* Supporting Files */ = {
			isa = PBXGroup;
			children = (
				2A3C13E814F6ECC70091BD84 /* kxm-Info.plist */,
				2A3C13E914F6ECC70091BD84 /* InfoPlist.strings */,
				2A3C13EC14F6ECC70091BD84 /* main.mm */,
				2A3C13EE14F6ECC70091BD84 /* kxm-Prefix.pch */,
			);
			name = "Supporting Files";
			sourceTree = "<group>";
		};
		2A3C140414F6F2950091BD84 /* Vectoid */ = {
			isa = PBXGroup;
			children = (
				2A3C140514F6F2A90091BD84 /* include */,
				2A65AF4B15361E700054F8E9 /* Camera.cpp */,
				2A65AF4C15361E700054F8E9 /* CoordSys.cpp */,
				2A65AF4D15361E700054F8E9 /* CoordSysCore.cpp */,
				2A65AF4E15361E700054F8E9 /* Geode.cpp */,
				2A65AF4F15361E700054F8E9 /* PerspectiveProjection.cpp */,
				2A65AF5015361E700054F8E9 /* SceneGraphNode.cpp */,
				2A65AF5115361E710054F8E9 /* TestTriangle.cpp */,
				2AC40A211556CEC700026789 /* Range.cpp */,
				2AEECB36155EB90800AC21A2 /* Particles.cpp */,
				2A1303F1157BBFD900A89134 /* ParticlesRenderer.cpp */,
				2AAC25641584F405004A37C6 /* AgeColoredParticles.cpp */,
			);
			name = Vectoid;
			sourceTree = "<group>";
		};
		2A3C140514F6F2A90091BD84 /* include */ = {
			isa = PBXGroup;
			children = (
				2A63D012150CF5A50068E054 /* Vectoid */,
			);
			name = include;
			sourceTree = "<group>";
		};
		2A63D012150CF5A50068E054 /* Vectoid */ = {
			isa = PBXGroup;
			children = (
				2AAD2FB51C0BA26900753BD6 /* AgeColoredParticles.h */,
				2AAD2FB61C0BA26900753BD6 /* Camera.h */,
				2AAD2FB71C0BA26900753BD6 /* CoordSys.h */,
				2AAD2FB81C0BA26900753BD6 /* CoordSysCore.h */,
				2AAD2FB91C0BA26900753BD6 /* CoordSysInterface.h */,
				2AAD2FBA1C0BA26900753BD6 /* Geode.h */,
				2AAD2FBB1C0BA26900753BD6 /* GeometryInterface.h */,
				2AAD2FBC1C0BA26900753BD6 /* OpenGL.h */,
				2AAD2FBD1C0BA26900753BD6 /* Particles.h */,
				2AAD2FBE1C0BA26900753BD6 /* ParticlesRenderer.h */,
				2AAD2FBF1C0BA26900753BD6 /* PerspectiveProjection.h */,
				2AAD2FC01C0BA26900753BD6 /* Range.h */,
				2AAD2FC11C0BA26900753BD6 /* SceneGraphNode.h */,
				2AAD2FC21C0BA26900753BD6 /* TestTriangle.h */,
				2AAD2FC31C0BA26900753BD6 /* Vector.h */,
				2A63D013150CF5A50068E054 /* Transform.h */,
			);
			name = Vectoid;
			path = Vectoid/include/kxm/Vectoid;
			sourceTree = "<group>";
		};
		2A65AF5915361EC60054F8E9 /* Core */ = {
			isa = PBXGroup;
			children = (
				2A65AF5A15361ECE0054F8E9 /* include */,
				2AE1DD011621B69600306D89 /* logging.cpp */,
				2A4A952015F4DEEA00E64389 /* Interface.cpp */,
				2A65AF6815362EF40054F8E9 /* IntModN.cpp */,
				2ABC807717064AD600D909FA /* Buffer.cpp */,
			);
			name = Core;
			sourceTree = "<group>";
		};
		2A65AF5A15361ECE0054F8E9 /* include */ = {
			isa = PBXGroup;
			children = (
				2A65AF5D153621B70054F8E9 /* kxm */,
			);
			name = include;
			sourceTree = "<group>";
		};
		2A65AF5B15361EE00054F8E9 /* Core */ = {
			isa = PBXGroup;
			children = (
				2A41FB181711FC8900A078CF /* config.h */,
				2AE1DD001621B5FA00306D89 /* logging.h */,
				2ABC808617074C6200D909FA /* terminal.h */,
				2A65AF64153622DB0054F8E9 /* Interface.h */,
				2A65AF671536281D0054F8E9 /* IntModN.h */,
				2A65AF6A153631DC0054F8E9 /* NumberTools.h */,
				2ABC807617064ABC00D909FA /* Buffer.h */,
				2AFDAED016C5A24C00C003DA /* ReusableItems.h */,
				2ABC8087170759F000D909FA /* ActionInterface.h */,
			);
			name = Core;
			sourceTree = "<group>";
		};
		2A65AF5D153621B70054F8E9 /* kxm */ = {
			isa = PBXGroup;
			children = (
				2A65AF5B15361EE00054F8E9 /* Core */,
			);
			name = kxm;
			sourceTree = "<group>";
		};
		2ADD5C271A019B51006533B8 /* Events */ = {
			isa = PBXGroup;
			children = (
				2ADD5C291A019BBD006533B8 /* ZarchEvent.h */,
				2ADF9AF41D778E4D006C0B67 /* InitializationEvent.h */,
				2A663A601D8C7AC000437612 /* TimeEvent.h */,
				2ADF9AF51D778EA9006C0B67 /* ActorCreationEvent.h */,
				2A6A2B611D87599C00DAC9D5 /* ActorTerminationEvent.h */,
				2A5E8ACF1A1148A50000617C /* MoveEvent.h */,
				2A5E8AD01A1149940000617C /* VelocityEvent.h */,
				2A5E8ACE1A1147370000617C /* ControlsEvent.h */,
				2A5F063C1D85E67200D50D2E /* PhysicsOverrideEvent.h */,
				2A0D28241D8B4830001AC162 /* AccelerationEvent.h */,
				2A3046441D6D06F9007ED737 /* FrameGeneratedEvent.h */,
				2A3046471D734143007ED737 /* UpdatePhysicsEvent.h */,
				2A3046481D734168007ED737 /* PhysicsUpdatedEvent.h */,
			);
			name = Events;
			sourceTree = "<group>";
		};
		2ADD5C281A019B68006533B8 /* Events */ = {
			isa = PBXGroup;
			children = (
				2ADF9AF61D778F56006C0B67 /* InitializationEvent.cpp */,
				2A663A611D8C7AE400437612 /* TimeEvent.cpp */,
				2ADF9AF81D778F6E006C0B67 /* ActorCreationEvent.cpp */,
				2A6A2B621D8759C500DAC9D5 /* ActorTerminationEvent.cpp */,
				2A5E8AD51A114AD00000617C /* MoveEvent.cpp */,
				2A5E8AD71A114AEA0000617C /* VelocityEvent.cpp */,
				2A5E8AD31A114AAE0000617C /* ControlsEvent.cpp */,
				2A5F063D1D85E68A00D50D2E /* PhysicsOverrideEvent.cpp */,
				2A0D28251D8B4856001AC162 /* AccelerationEvent.cpp */,
				2A3046451D6D07CC007ED737 /* FrameGeneratedEvent.cpp */,
				2A3046491D734210007ED737 /* UpdatePhysicsEvent.cpp */,
				2A30464B1D734246007ED737 /* PhysicsUpdatedEvent.cpp */,
			);
			name = Events;
			sourceTree = "<group>";
		};
		2AECEF4F154D60E600033D14 /* Game */ = {
			isa = PBXGroup;
			children = (
				2AECEF51154D613000033D14 /* include */,
				2ADD5C211A0175F1006533B8 /* Event.cpp */,
				2AA9C6591D67BD29003FD5D7 /* EventLoopHub.cpp */,
				2ADF9AF01D777CD3006C0B67 /* ActorNaming.cpp */,
				2A1352091D84A20800F0AADF /* Actions.cpp */,
			);
			name = Game;
			sourceTree = "<group>";
		};
		2AECEF51154D613000033D14 /* include */ = {
			isa = PBXGroup;
			children = (
				2AECEF53154D613E00033D14 /* Game */,
			);
			name = include;
			sourceTree = "<group>";
		};
		2AECEF53154D613E00033D14 /* Game */ = {
			isa = PBXGroup;
			children = (
				2ADD5C201A017271006533B8 /* Event.h */,
				2AA9C65B1D6A51F9003FD5D7 /* EventLoop.h */,
				2AA9C6581D67B8DA003FD5D7 /* EventLoopHub.h */,
				2ADF9AED1D7778C1006C0B67 /* ActorName.h */,
				2ADF9AEE1D777A41006C0B67 /* ActorNaming.h */,
				2ADF9AEF1D777AAE006C0B67 /* ActorMap.h */,
				2A1352011D8472E300F0AADF /* ReusableActors.h */,
				2A1352051D84A1B900F0AADF /* Actions.h */,
			);
			name = Game;
			sourceTree = "<group>";
		};
		2AECEF5A154D686800033D14 /* Zarch */ = {
			isa = PBXGroup;
			children = (
				2AECEF5B154D68D300033D14 /* include */,
				2ADD5C281A019B68006533B8 /* Events */,
				2A2A6126166B812E0073658E /* GameLogic */,
				2A2A6124166B811F0073658E /* Physics */,
				2A2A6125166B81280073658E /* Video */,
				2A2A6128166D1E960073658E /* Zarch.cpp */,
				2A41FB1B171204E100A078CF /* Simulation.cpp */,
				2A41FB1E171204F900A078CF /* Presentation.cpp */,
				2A137B9415508165000EDEA7 /* LanderGeometry.cpp */,
				2A2BF0D51560556000F6A771 /* MapParameters.cpp */,
				2AECEF62154D6CC900033D14 /* Terrain.cpp */,
				2AD5C13F1C18DD3600B2CD92 /* EventHandlerCore.cpp */,
			);
			name = Zarch;
			sourceTree = "<group>";
		};
		2AECEF5B154D68D300033D14 /* include */ = {
			isa = PBXGroup;
			children = (
				2AECEF5D154D68E700033D14 /* Zarch */,
			);
			name = include;
			sourceTree = "<group>";
		};
		2AECEF5D154D68E700033D14 /* Zarch */ = {
			isa = PBXGroup;
			children = (
				2ADD5C271A019B51006533B8 /* Events */,
				2A2A6122166B7FB50073658E /* GameLogic */,
				2A2A6123166B7FBF0073658E /* Physics */,
				2A2A6121166B7FAB0073658E /* Video */,
				2ADF9AFA1D7794ED006C0B67 /* ActorType.h */,
				2A5F063B1D85D30900D50D2E /* ActorInfo.h */,
				2A2A6127166D1DF70073658E /* Zarch.h */,
				2A41FB19171204A000A078CF /* Simulation.h */,
				2A41FB1A171204C200A078CF /* Presentation.h */,
				2A137B921550814F000EDEA7 /* LanderGeometry.h */,
				2A2BF0D31560554700F6A771 /* MapParameters.h */,
				2AECEF61154D6CAF00033D14 /* Terrain.h */,
				2AAC255E15810118004A37C6 /* ControlsState.h */,
				2AD5C13E1C18D94800B2CD92 /* EventHandlerCore.h */,
			);
			name = Zarch;
			sourceTree = "<group>";
		};
/* End PBXGroup section */

/* Begin PBXNativeTarget section */
		2A3C13D714F6ECC70091BD84 /* kxm */ = {
			isa = PBXNativeTarget;
			buildConfigurationList = 2A3C140114F6ECC70091BD84 /* Build configuration list for PBXNativeTarget "kxm" */;
			buildPhases = (
				2A3C13D414F6ECC70091BD84 /* Sources */,
				2A3C13D514F6ECC70091BD84 /* Frameworks */,
				2A3C13D614F6ECC70091BD84 /* Resources */,
			);
			buildRules = (
			);
			dependencies = (
			);
			name = kxm;
			productName = kxm;
			productReference = 2A3C13D814F6ECC70091BD84 /* kxm.app */;
			productType = "com.apple.product-type.application";
		};
/* End PBXNativeTarget section */

/* Begin PBXProject section */
		2A3C13CF14F6ECC60091BD84 /* Project object */ = {
			isa = PBXProject;
			attributes = {
				LastUpgradeCheck = 0800;
				TargetAttributes = {
					2A3C13D714F6ECC70091BD84 = {
						DevelopmentTeam = X4UCCTPJJ3;
					};
				};
			};
			buildConfigurationList = 2A3C13D214F6ECC60091BD84 /* Build configuration list for PBXProject "kxm" */;
			compatibilityVersion = "Xcode 3.2";
			developmentRegion = English;
			hasScannedForEncodings = 0;
			knownRegions = (
				en,
			);
			mainGroup = 2A3C13CD14F6ECC60091BD84;
			productRefGroup = 2A3C13D914F6ECC70091BD84 /* Products */;
			projectDirPath = "";
			projectRoot = "";
			targets = (
				2A3C13D714F6ECC70091BD84 /* kxm */,
			);
		};
/* End PBXProject section */

/* Begin PBXResourcesBuildPhase section */
		2A3C13D614F6ECC70091BD84 /* Resources */ = {
			isa = PBXResourcesBuildPhase;
			buildActionMask = 2147483647;
			files = (
				2A3C13EB14F6ECC70091BD84 /* InfoPlist.strings in Resources */,
				2A4B91CB1C0399810079ACD6 /* Default-568h@2x.png in Resources */,
				2A3C13FB14F6ECC70091BD84 /* KXMViewController_iPhone.xib in Resources */,
				2A3C13FE14F6ECC70091BD84 /* KXMViewController_iPad.xib in Resources */,
			);
			runOnlyForDeploymentPostprocessing = 0;
		};
/* End PBXResourcesBuildPhase section */

/* Begin PBXSourcesBuildPhase section */
		2A3C13D414F6ECC70091BD84 /* Sources */ = {
			isa = PBXSourcesBuildPhase;
			buildActionMask = 2147483647;
			files = (
				2A3C13ED14F6ECC70091BD84 /* main.mm in Sources */,
				2A3046461D6D07CC007ED737 /* FrameGeneratedEvent.cpp in Sources */,
				2A5F06441D87371A00D50D2E /* Shot.cpp in Sources */,
				2A30464A1D734210007ED737 /* UpdatePhysicsEvent.cpp in Sources */,
				2A3C13F114F6ECC70091BD84 /* KXMAppDelegate.m in Sources */,
				2A3C13F814F6ECC70091BD84 /* KXMViewController.mm in Sources */,
				2A65AF5215361E710054F8E9 /* Camera.cpp in Sources */,
				2A65AF5315361E710054F8E9 /* CoordSys.cpp in Sources */,
				2A65AF5415361E710054F8E9 /* CoordSysCore.cpp in Sources */,
				2A663A651D8CA07A00437612 /* Actor.cpp in Sources */,
				2A5E8AD41A114AAE0000617C /* ControlsEvent.cpp in Sources */,
				2A65AF5515361E710054F8E9 /* Geode.cpp in Sources */,
				2A65AF5615361E710054F8E9 /* PerspectiveProjection.cpp in Sources */,
				2AA9C65A1D67BD29003FD5D7 /* EventLoopHub.cpp in Sources */,
				2A65AF5715361E710054F8E9 /* SceneGraphNode.cpp in Sources */,
				2A6A2B631D8759C500DAC9D5 /* ActorTerminationEvent.cpp in Sources */,
				2A65AF5815361E710054F8E9 /* TestTriangle.cpp in Sources */,
				2A5E8AD81A114AEA0000617C /* VelocityEvent.cpp in Sources */,
				2A65AF6915362EF40054F8E9 /* IntModN.cpp in Sources */,
				2A5F06411D8730FA00D50D2E /* Lander.cpp in Sources */,
				2ADF9AF71D778F56006C0B67 /* InitializationEvent.cpp in Sources */,
				2AECEF63154D6CC900033D14 /* Terrain.cpp in Sources */,
				2A30464C1D734246007ED737 /* PhysicsUpdatedEvent.cpp in Sources */,
				2A137B9515508165000EDEA7 /* LanderGeometry.cpp in Sources */,
				2A663A621D8C7AE400437612 /* TimeEvent.cpp in Sources */,
				2AC40A221556CEC700026789 /* Range.cpp in Sources */,
				2ADF9AF11D777CD3006C0B67 /* ActorNaming.cpp in Sources */,
				2AEECB37155EB90800AC21A2 /* Particles.cpp in Sources */,
				2A0C056B1D7B157F0018D865 /* Lander.cpp in Sources */,
				2A2BF0D61560556000F6A771 /* MapParameters.cpp in Sources */,
				2A1303F2157BBFD900A89134 /* ParticlesRenderer.cpp in Sources */,
				2A1AF9551A475DE9007D20A6 /* GameLogic.cpp in Sources */,
				2AAC256215811661004A37C6 /* KXMGLView.mm in Sources */,
				2ADF9AF91D778F6E006C0B67 /* ActorCreationEvent.cpp in Sources */,
				2AAC25651584F405004A37C6 /* AgeColoredParticles.cpp in Sources */,
				2AAC2568158D238A004A37C6 /* TerrainRenderer.cpp in Sources */,
				2A4A952115F4DEEA00E64389 /* Interface.cpp in Sources */,
				2AE1DD031621B69600306D89 /* logging.cpp in Sources */,
				2ADD5C221A0175F1006533B8 /* Event.cpp in Sources */,
				2A2A612A166D1E980073658E /* Zarch.cpp in Sources */,
				2ABC807817064AD600D909FA /* Buffer.cpp in Sources */,
				2A5F06471D873CCF00D50D2E /* Shot.cpp in Sources */,
				2A41FB1D171204E100A078CF /* Simulation.cpp in Sources */,
				2A41FB20171204F900A078CF /* Presentation.cpp in Sources */,
				2A5F064C1D874A9D00D50D2E /* Shot.cpp in Sources */,
				2A8AD4D6172D51ED007290C7 /* Physics.cpp in Sources */,
				2A5F063E1D85E68A00D50D2E /* PhysicsOverrideEvent.cpp in Sources */,
				2A5E8AD61A114AD00000617C /* MoveEvent.cpp in Sources */,
				2A8AD4DA172D7738007290C7 /* Lander.cpp in Sources */,
				2A8AD4DE172D8527007290C7 /* Video.cpp in Sources */,
				2ABE9CDC17305EC700F5251C /* StarField.cpp in Sources */,
				2AD5C1401C18DD3600B2CD92 /* EventHandlerCore.cpp in Sources */,
				2A13520A1D84A20800F0AADF /* Actions.cpp in Sources */,
				2A0D28261D8B4856001AC162 /* AccelerationEvent.cpp in Sources */,
			);
			runOnlyForDeploymentPostprocessing = 0;
		};
/* End PBXSourcesBuildPhase section */

/* Begin PBXVariantGroup section */
		2A3C13E914F6ECC70091BD84 /* InfoPlist.strings */ = {
			isa = PBXVariantGroup;
			children = (
				2A3C13EA14F6ECC70091BD84 /* en */,
			);
			name = InfoPlist.strings;
			sourceTree = "<group>";
		};
		2A3C13F914F6ECC70091BD84 /* KXMViewController_iPhone.xib */ = {
			isa = PBXVariantGroup;
			children = (
				2A3C13FA14F6ECC70091BD84 /* en */,
			);
			name = KXMViewController_iPhone.xib;
			sourceTree = "<group>";
		};
		2A3C13FC14F6ECC70091BD84 /* KXMViewController_iPad.xib */ = {
			isa = PBXVariantGroup;
			children = (
				2A3C13FD14F6ECC70091BD84 /* en */,
			);
			name = KXMViewController_iPad.xib;
			sourceTree = "<group>";
		};
/* End PBXVariantGroup section */

/* Begin XCBuildConfiguration section */
		2A3C13FF14F6ECC70091BD84 /* Debug */ = {
			isa = XCBuildConfiguration;
			buildSettings = {
				ALWAYS_SEARCH_USER_PATHS = YES;
				CLANG_CXX_LANGUAGE_STANDARD = "c++0x";
				CLANG_CXX_LIBRARY = "libc++";
				CLANG_WARN_BOOL_CONVERSION = YES;
				CLANG_WARN_CONSTANT_CONVERSION = YES;
				CLANG_WARN_EMPTY_BODY = YES;
				CLANG_WARN_ENUM_CONVERSION = YES;
				CLANG_WARN_INFINITE_RECURSION = YES;
				CLANG_WARN_INT_CONVERSION = YES;
				CLANG_WARN_SUSPICIOUS_MOVE = YES;
				CLANG_WARN_UNREACHABLE_CODE = YES;
				CLANG_WARN__DUPLICATE_METHOD_MATCH = YES;
				"CODE_SIGN_IDENTITY[sdk=iphoneos*]" = "iPhone Developer";
				COPY_PHASE_STRIP = NO;
				ENABLE_STRICT_OBJC_MSGSEND = YES;
				ENABLE_TESTABILITY = YES;
				GCC_C_LANGUAGE_STANDARD = gnu99;
				GCC_DYNAMIC_NO_PIC = NO;
				GCC_NO_COMMON_BLOCKS = YES;
				GCC_OPTIMIZATION_LEVEL = 0;
				GCC_PREPROCESSOR_DEFINITIONS = (
					"DEBUG=1",
					"$(inherited)",
				);
				GCC_SYMBOLS_PRIVATE_EXTERN = NO;
				GCC_VERSION = com.apple.compilers.llvm.clang.1_0;
				GCC_WARN_64_TO_32_BIT_CONVERSION = YES;
				GCC_WARN_ABOUT_MISSING_PROTOTYPES = YES;
				GCC_WARN_ABOUT_RETURN_TYPE = YES;
				GCC_WARN_UNDECLARED_SELECTOR = YES;
				GCC_WARN_UNINITIALIZED_AUTOS = YES;
				GCC_WARN_UNUSED_FUNCTION = YES;
				GCC_WARN_UNUSED_VARIABLE = YES;
				IPHONEOS_DEPLOYMENT_TARGET = 9.1;
				ONLY_ACTIVE_ARCH = YES;
				SDKROOT = iphoneos;
				TARGETED_DEVICE_FAMILY = "1,2";
			};
			name = Debug;
		};
		2A3C140014F6ECC70091BD84 /* Release */ = {
			isa = XCBuildConfiguration;
			buildSettings = {
				ALWAYS_SEARCH_USER_PATHS = YES;
				CLANG_CXX_LANGUAGE_STANDARD = "c++0x";
				CLANG_CXX_LIBRARY = "libc++";
				CLANG_WARN_BOOL_CONVERSION = YES;
				CLANG_WARN_CONSTANT_CONVERSION = YES;
				CLANG_WARN_EMPTY_BODY = YES;
				CLANG_WARN_ENUM_CONVERSION = YES;
				CLANG_WARN_INFINITE_RECURSION = YES;
				CLANG_WARN_INT_CONVERSION = YES;
				CLANG_WARN_SUSPICIOUS_MOVE = YES;
				CLANG_WARN_UNREACHABLE_CODE = YES;
				CLANG_WARN__DUPLICATE_METHOD_MATCH = YES;
				"CODE_SIGN_IDENTITY[sdk=iphoneos*]" = "iPhone Developer";
				COPY_PHASE_STRIP = YES;
				ENABLE_STRICT_OBJC_MSGSEND = YES;
				GCC_C_LANGUAGE_STANDARD = gnu99;
				GCC_NO_COMMON_BLOCKS = YES;
				GCC_VERSION = com.apple.compilers.llvm.clang.1_0;
				GCC_WARN_64_TO_32_BIT_CONVERSION = YES;
				GCC_WARN_ABOUT_MISSING_PROTOTYPES = YES;
				GCC_WARN_ABOUT_RETURN_TYPE = YES;
				GCC_WARN_UNDECLARED_SELECTOR = YES;
				GCC_WARN_UNINITIALIZED_AUTOS = YES;
				GCC_WARN_UNUSED_FUNCTION = YES;
				GCC_WARN_UNUSED_VARIABLE = YES;
				IPHONEOS_DEPLOYMENT_TARGET = 9.1;
				OTHER_CFLAGS = "-DNS_BLOCK_ASSERTIONS=1";
				SDKROOT = iphoneos;
				TARGETED_DEVICE_FAMILY = "1,2";
				VALIDATE_PRODUCT = YES;
			};
			name = Release;
		};
		2A3C140214F6ECC70091BD84 /* Debug */ = {
			isa = XCBuildConfiguration;
			buildSettings = {
				CODE_SIGN_IDENTITY = "iPhone Developer";
				"CODE_SIGN_IDENTITY[sdk=iphoneos*]" = "iPhone Developer";
				GCC_PRECOMPILE_PREFIX_HEADER = YES;
				GCC_PREFIX_HEADER = "kxm/kxm-Prefix.pch";
				"GCC_THUMB_SUPPORT[arch=armv6]" = "";
				INFOPLIST_FILE = "kxm/kxm-Info.plist";
				PRODUCT_BUNDLE_IDENTIFIER = "com.kxm.${PRODUCT_NAME:rfc1034identifier}";
				PRODUCT_NAME = "$(TARGET_NAME)";
				PROVISIONING_PROFILE = "";
				"USER_HEADER_SEARCH_PATHS[arch=*]" = "../../src/kxm/Core/include ../../src/Vectoid/include ../../src/Game/include ../../src/Zarch/include";
				WRAPPER_EXTENSION = app;
			};
			name = Debug;
		};
		2A3C140314F6ECC70091BD84 /* Release */ = {
			isa = XCBuildConfiguration;
			buildSettings = {
				CODE_SIGN_IDENTITY = "iPhone Developer";
				"CODE_SIGN_IDENTITY[sdk=iphoneos*]" = "iPhone Developer";
				GCC_PRECOMPILE_PREFIX_HEADER = YES;
				GCC_PREFIX_HEADER = "kxm/kxm-Prefix.pch";
				"GCC_THUMB_SUPPORT[arch=armv6]" = "";
				INFOPLIST_FILE = "kxm/kxm-Info.plist";
				PRODUCT_BUNDLE_IDENTIFIER = "com.kxm.${PRODUCT_NAME:rfc1034identifier}";
				PRODUCT_NAME = "$(TARGET_NAME)";
				PROVISIONING_PROFILE = "";
				"USER_HEADER_SEARCH_PATHS[arch=*]" = "../../src/kxm/Core/include ../../src/Vectoid/include ../../src/Game/include ../../src/Zarch/include";
				WRAPPER_EXTENSION = app;
			};
			name = Release;
		};
/* End XCBuildConfiguration section */

/* Begin XCConfigurationList section */
		2A3C13D214F6ECC60091BD84 /* Build configuration list for PBXProject "kxm" */ = {
			isa = XCConfigurationList;
			buildConfigurations = (
				2A3C13FF14F6ECC70091BD84 /* Debug */,
				2A3C140014F6ECC70091BD84 /* Release */,
			);
			defaultConfigurationIsVisible = 0;
			defaultConfigurationName = Release;
		};
		2A3C140114F6ECC70091BD84 /* Build configuration list for PBXNativeTarget "kxm" */ = {
			isa = XCConfigurationList;
			buildConfigurations = (
				2A3C140214F6ECC70091BD84 /* Debug */,
				2A3C140314F6ECC70091BD84 /* Release */,
			);
			defaultConfigurationIsVisible = 0;
			defaultConfigurationName = Release;
		};
/* End XCConfigurationList section */
	};
	rootObject = 2A3C13CF14F6ECC60091BD84 /* Project object */;
}
