<?xml version="1.0" encoding="UTF-8" standalone="yes" ?>
<CodeBlocks_project_file>
   <FileVersion major="1" minor="6" />
   <Project>
      <Option title="Raspiator" />
      <Option makefile_is_custom="1" />
      <Option compiler="gcc" />
      <Option virtualFolders="CMake Files\;" />
      <Build>
      <Target title="all">
         <Option working_dir="/Users/kai/Developer/kxm/prj/Raspiator" />
         <Option type="4" />
         <MakeCommands>
            <Build command="/usr/bin/make -f &quot;/Users/kai/Developer/kxm/prj/Raspiator/Makefile&quot;  VERBOSE=1 all" />
            <CompileFile command="/usr/bin/make -f &quot;/Users/kai/Developer/kxm/prj/Raspiator/Makefile&quot;  VERBOSE=1 &quot;$file&quot;" />
            <Clean command="/usr/bin/make -f &quot;/Users/kai/Developer/kxm/prj/Raspiator/Makefile&quot;  VERBOSE=1 clean" />
            <DistClean command="/usr/bin/make -f &quot;/Users/kai/Developer/kxm/prj/Raspiator/Makefile&quot;  VERBOSE=1 clean" />
         </MakeCommands>
      </Target>
      <Target title="edit_cache">
         <Option working_dir="/Users/kai/Developer/kxm/prj/Raspiator" />
         <Option type="4" />
         <MakeCommands>
            <Build command="/usr/bin/make -f &quot;/Users/kai/Developer/kxm/prj/Raspiator/Makefile&quot;  VERBOSE=1 edit_cache" />
            <CompileFile command="/usr/bin/make -f &quot;/Users/kai/Developer/kxm/prj/Raspiator/Makefile&quot;  VERBOSE=1 &quot;$file&quot;" />
            <Clean command="/usr/bin/make -f &quot;/Users/kai/Developer/kxm/prj/Raspiator/Makefile&quot;  VERBOSE=1 clean" />
            <DistClean command="/usr/bin/make -f &quot;/Users/kai/Developer/kxm/prj/Raspiator/Makefile&quot;  VERBOSE=1 clean" />
         </MakeCommands>
      </Target>
      <Target title="rebuild_cache">
         <Option working_dir="/Users/kai/Developer/kxm/prj/Raspiator" />
         <Option type="4" />
         <MakeCommands>
            <Build command="/usr/bin/make -f &quot;/Users/kai/Developer/kxm/prj/Raspiator/Makefile&quot;  VERBOSE=1 rebuild_cache" />
            <CompileFile command="/usr/bin/make -f &quot;/Users/kai/Developer/kxm/prj/Raspiator/Makefile&quot;  VERBOSE=1 &quot;$file&quot;" />
            <Clean command="/usr/bin/make -f &quot;/Users/kai/Developer/kxm/prj/Raspiator/Makefile&quot;  VERBOSE=1 clean" />
            <DistClean command="/usr/bin/make -f &quot;/Users/kai/Developer/kxm/prj/Raspiator/Makefile&quot;  VERBOSE=1 clean" />
         </MakeCommands>
      </Target>
      <Target title="raspiator">
         <Option output="/Users/kai/Developer/kxm/prj/Raspiator/raspiator" prefix_auto="0" extension_auto="0" />
         <Option working_dir="/Users/kai/Developer/kxm/prj/Raspiator" />
         <Option object_output="./" />
         <Option type="1" />
         <Option compiler="gcc" />
         <Compiler>
            <Add directory="/Users/kai/Developer/kxm/prj/Raspiator/../../src/Vectoid/include" />
            <Add directory="/Users/kai/Developer/kxm/prj/Raspiator/../../src/kxm/Core/include" />
            <Add directory="/Users/kai/Developer/kxm/prj/Raspiator/src" />
            <Add directory="/Users/kai/opt/xtools/raspi/boost/include" />
            <Add directory="/Users/kai/opt/xtools/raspi/vc/include" />
            <Add directory="/Users/kai/opt/xtools/raspi/vc/include/interface/vcos/pthreads" />
            <Add directory="/Users/kai/opt/xtools/raspi/vc/include/interface/vmcs_host/linux" />
         </Compiler>
         <MakeCommands>
            <Build command="/usr/bin/make -f &quot;/Users/kai/Developer/kxm/prj/Raspiator/Makefile&quot;  VERBOSE=1 raspiator" />
            <CompileFile command="/usr/bin/make -f &quot;/Users/kai/Developer/kxm/prj/Raspiator/Makefile&quot;  VERBOSE=1 &quot;$file&quot;" />
            <Clean command="/usr/bin/make -f &quot;/Users/kai/Developer/kxm/prj/Raspiator/Makefile&quot;  VERBOSE=1 clean" />
            <DistClean command="/usr/bin/make -f &quot;/Users/kai/Developer/kxm/prj/Raspiator/Makefile&quot;  VERBOSE=1 clean" />
         </MakeCommands>
      </Target>
      <Target title="raspiator/fast">
         <Option output="/Users/kai/Developer/kxm/prj/Raspiator/raspiator" prefix_auto="0" extension_auto="0" />
         <Option working_dir="/Users/kai/Developer/kxm/prj/Raspiator" />
         <Option object_output="./" />
         <Option type="1" />
         <Option compiler="gcc" />
         <Compiler>
            <Add directory="/Users/kai/Developer/kxm/prj/Raspiator/../../src/Vectoid/include" />
            <Add directory="/Users/kai/Developer/kxm/prj/Raspiator/../../src/kxm/Core/include" />
            <Add directory="/Users/kai/Developer/kxm/prj/Raspiator/src" />
            <Add directory="/Users/kai/opt/xtools/raspi/boost/include" />
            <Add directory="/Users/kai/opt/xtools/raspi/vc/include" />
            <Add directory="/Users/kai/opt/xtools/raspi/vc/include/interface/vcos/pthreads" />
            <Add directory="/Users/kai/opt/xtools/raspi/vc/include/interface/vmcs_host/linux" />
         </Compiler>
         <MakeCommands>
            <Build command="/usr/bin/make -f &quot;/Users/kai/Developer/kxm/prj/Raspiator/Makefile&quot;  VERBOSE=1 raspiator/fast" />
            <CompileFile command="/usr/bin/make -f &quot;/Users/kai/Developer/kxm/prj/Raspiator/Makefile&quot;  VERBOSE=1 &quot;$file&quot;" />
            <Clean command="/usr/bin/make -f &quot;/Users/kai/Developer/kxm/prj/Raspiator/Makefile&quot;  VERBOSE=1 clean" />
            <DistClean command="/usr/bin/make -f &quot;/Users/kai/Developer/kxm/prj/Raspiator/Makefile&quot;  VERBOSE=1 clean" />
         </MakeCommands>
      </Target>
      </Build>
      <Unit filename="/Users/kai/Developer/kxm/prj/Raspiator/src/Glyphs.cpp">
      </Unit>
      <Unit filename="/Users/kai/Developer/kxm/prj/Raspiator/src/Indicatower.cpp">
      </Unit>
      <Unit filename="/Users/kai/Developer/kxm/prj/Raspiator/src/JenkinsAccess.cpp">
      </Unit>
      <Unit filename="/Users/kai/Developer/kxm/prj/Raspiator/src/TextConsole.cpp">
      </Unit>
      <Unit filename="/Users/kai/Developer/kxm/prj/Raspiator/src/TextRing.cpp">
      </Unit>
      <Unit filename="/Users/kai/Developer/kxm/prj/Raspiator/src/VideoCoreDisplay.cpp">
      </Unit>
      <Unit filename="/Users/kai/Developer/kxm/prj/Raspiator/src/Visualization.cpp">
      </Unit>
      <Unit filename="/Users/kai/Developer/kxm/prj/Raspiator/src/main.cpp">
      </Unit>
      <Unit filename="/Users/kai/Developer/kxm/src/Vectoid/AgeColoredParticles.cpp">
      </Unit>
      <Unit filename="/Users/kai/Developer/kxm/src/Vectoid/Camera.cpp">
      </Unit>
      <Unit filename="/Users/kai/Developer/kxm/src/Vectoid/CoordSys.cpp">
      </Unit>
      <Unit filename="/Users/kai/Developer/kxm/src/Vectoid/CoordSysCore.cpp">
      </Unit>
      <Unit filename="/Users/kai/Developer/kxm/src/Vectoid/Geode.cpp">
      </Unit>
      <Unit filename="/Users/kai/Developer/kxm/src/Vectoid/Particles.cpp">
      </Unit>
      <Unit filename="/Users/kai/Developer/kxm/src/Vectoid/ParticlesRenderer.cpp">
      </Unit>
      <Unit filename="/Users/kai/Developer/kxm/src/Vectoid/PerspectiveProjection.cpp">
      </Unit>
      <Unit filename="/Users/kai/Developer/kxm/src/Vectoid/Range.cpp">
      </Unit>
      <Unit filename="/Users/kai/Developer/kxm/src/Vectoid/SceneGraphNode.cpp">
      </Unit>
      <Unit filename="/Users/kai/Developer/kxm/src/Vectoid/TestTriangle.cpp">
      </Unit>
      <Unit filename="/Users/kai/Developer/kxm/src/kxm/Core/Buffer.cpp">
      </Unit>
      <Unit filename="/Users/kai/Developer/kxm/src/kxm/Core/IntModN.cpp">
      </Unit>
      <Unit filename="/Users/kai/Developer/kxm/src/kxm/Core/Interface.cpp">
      </Unit>
      <Unit filename="/Users/kai/Developer/kxm/src/kxm/Core/POSIXThreadingFactory.cpp">
      </Unit>
      <Unit filename="/Users/kai/Developer/kxm/src/kxm/Core/Thread.cpp">
      </Unit>
      <Unit filename="/Users/kai/Developer/kxm/src/kxm/Core/logging.cpp">
      </Unit>
      <Unit filename="/Users/kai/Developer/kxm/prj/Raspiator/src/Glyphs.h">
      </Unit>
      <Unit filename="/Users/kai/Developer/kxm/prj/Raspiator/src/Indicatower.h">
      </Unit>
      <Unit filename="/Users/kai/Developer/kxm/prj/Raspiator/src/JenkinsAccess.h">
      </Unit>
      <Unit filename="/Users/kai/Developer/kxm/prj/Raspiator/src/TextConsole.h">
      </Unit>
      <Unit filename="/Users/kai/Developer/kxm/prj/Raspiator/src/TextRing.h">
      </Unit>
      <Unit filename="/Users/kai/Developer/kxm/prj/Raspiator/src/VideoCoreDisplay.h">
      </Unit>
      <Unit filename="/Users/kai/Developer/kxm/prj/Raspiator/src/Visualization.h">
      </Unit>
      <Unit filename="/Users/kai/Developer/kxm/src/Vectoid/include/Vectoid/AgeColoredParticles.h">
      </Unit>
      <Unit filename="/Users/kai/Developer/kxm/src/Vectoid/include/Vectoid/Camera.h">
      </Unit>
      <Unit filename="/Users/kai/Developer/kxm/src/Vectoid/include/Vectoid/CoordSys.h">
      </Unit>
      <Unit filename="/Users/kai/Developer/kxm/src/Vectoid/include/Vectoid/CoordSysCore.h">
      </Unit>
      <Unit filename="/Users/kai/Developer/kxm/src/Vectoid/include/Vectoid/CoordSysInterface.h">
      </Unit>
      <Unit filename="/Users/kai/Developer/kxm/src/Vectoid/include/Vectoid/Geode.h">
      </Unit>
      <Unit filename="/Users/kai/Developer/kxm/src/Vectoid/include/Vectoid/GeometryInterface.h">
      </Unit>
      <Unit filename="/Users/kai/Developer/kxm/src/Vectoid/include/Vectoid/OpenGL.h">
      </Unit>
      <Unit filename="/Users/kai/Developer/kxm/src/Vectoid/include/Vectoid/Particles.h">
      </Unit>
      <Unit filename="/Users/kai/Developer/kxm/src/Vectoid/include/Vectoid/ParticlesRenderer.h">
      </Unit>
      <Unit filename="/Users/kai/Developer/kxm/src/Vectoid/include/Vectoid/PerspectiveProjection.h">
      </Unit>
      <Unit filename="/Users/kai/Developer/kxm/src/Vectoid/include/Vectoid/Range.h">
      </Unit>
      <Unit filename="/Users/kai/Developer/kxm/src/Vectoid/include/Vectoid/SceneGraphNode.h">
      </Unit>
      <Unit filename="/Users/kai/Developer/kxm/src/Vectoid/include/Vectoid/TestTriangle.h">
      </Unit>
      <Unit filename="/Users/kai/Developer/kxm/src/Vectoid/include/Vectoid/Transform.h">
      </Unit>
      <Unit filename="/Users/kai/Developer/kxm/src/Vectoid/include/Vectoid/Vector.h">
      </Unit>
      <Unit filename="/Users/kai/Developer/kxm/src/kxm/Core/include/kxm/Core/ActionInterface.h">
      </Unit>
      <Unit filename="/Users/kai/Developer/kxm/src/kxm/Core/include/kxm/Core/Buffer.h">
      </Unit>
      <Unit filename="/Users/kai/Developer/kxm/src/kxm/Core/include/kxm/Core/ConditionVariableInterface.h">
      </Unit>
      <Unit filename="/Users/kai/Developer/kxm/src/kxm/Core/include/kxm/Core/CriticalSection.h">
      </Unit>
      <Unit filename="/Users/kai/Developer/kxm/src/kxm/Core/include/kxm/Core/IntModN.h">
      </Unit>
      <Unit filename="/Users/kai/Developer/kxm/src/kxm/Core/include/kxm/Core/Interface.h">
      </Unit>
      <Unit filename="/Users/kai/Developer/kxm/src/kxm/Core/include/kxm/Core/LockInterface.h">
      </Unit>
      <Unit filename="/Users/kai/Developer/kxm/src/kxm/Core/include/kxm/Core/NumberTools.h">
      </Unit>
      <Unit filename="/Users/kai/Developer/kxm/src/kxm/Core/include/kxm/Core/POSIXThreadingFactory.h">
      </Unit>
      <Unit filename="/Users/kai/Developer/kxm/src/kxm/Core/include/kxm/Core/ReusableItems.h">
      </Unit>
      <Unit filename="/Users/kai/Developer/kxm/src/kxm/Core/include/kxm/Core/Thread.h">
      </Unit>
      <Unit filename="/Users/kai/Developer/kxm/src/kxm/Core/include/kxm/Core/ThreadControlInterface.h">
      </Unit>
      <Unit filename="/Users/kai/Developer/kxm/src/kxm/Core/include/kxm/Core/ThreadingFactoryInterface.h">
      </Unit>
      <Unit filename="/Users/kai/Developer/kxm/src/kxm/Core/include/kxm/Core/config.h">
      </Unit>
      <Unit filename="/Users/kai/Developer/kxm/src/kxm/Core/include/kxm/Core/logging.h">
      </Unit>
      <Unit filename="/Users/kai/Developer/kxm/src/kxm/Core/include/kxm/Core/terminal.h">
      </Unit>
      <Unit filename="/Users/kai/Developer/kxm/prj/Raspiator/CMakeLists.txt">
          <Option virtualFolder="CMake Files\" />
      </Unit>
   </Project>
</CodeBlocks_project_file>
