<?xml version="1.0" encoding="UTF-8" standalone="yes" ?>
<CodeBlocks_project_file>
   <FileVersion major="1" minor="6" />
   <Project>
      <Option title="Raspiator" />
      <Option makefile_is_custom="1" />
      <Option compiler="gcc" />
      <Option virtualFolders="CMake Files\;" />
      <Build>
      <Target title="all">
         <Option working_dir="/Users/kai/Developer/kxm/prj/Raspiator" />
         <Option type="4" />
         <MakeCommands>
            <Build command="/usr/bin/make -f &quot;/Users/kai/Developer/kxm/prj/Raspiator/Makefile&quot;  VERBOSE=1 all" />
            <CompileFile command="/usr/bin/make -f &quot;/Users/kai/Developer/kxm/prj/Raspiator/Makefile&quot;  VERBOSE=1 &quot;$file&quot;" />
            <Clean command="/usr/bin/make -f &quot;/Users/kai/Developer/kxm/prj/Raspiator/Makefile&quot;  VERBOSE=1 clean" />
            <DistClean command="/usr/bin/make -f &quot;/Users/kai/Developer/kxm/prj/Raspiator/Makefile&quot;  VERBOSE=1 clean" />
         </MakeCommands>
      </Target>
      <Target title="edit_cache">
         <Option working_dir="/Users/kai/Developer/kxm/prj/Raspiator" />
         <Option type="4" />
         <MakeCommands>
            <Build command="/usr/bin/make -f &quot;/Users/kai/Developer/kxm/prj/Raspiator/Makefile&quot;  VERBOSE=1 edit_cache" />
            <CompileFile command="/usr/bin/make -f &quot;/Users/kai/Developer/kxm/prj/Raspiator/Makefile&quot;  VERBOSE=1 &quot;$file&quot;" />
            <Clean command="/usr/bin/make -f &quot;/Users/kai/Developer/kxm/prj/Raspiator/Makefile&quot;  VERBOSE=1 clean" />
            <DistClean command="/usr/bin/make -f &quot;/Users/kai/Developer/kxm/prj/Raspiator/Makefile&quot;  VERBOSE=1 clean" />
         </MakeCommands>
      </Target>
      <Target title="rebuild_cache">
         <Option working_dir="/Users/kai/Developer/kxm/prj/Raspiator" />
         <Option type="4" />
         <MakeCommands>
            <Build command="/usr/bin/make -f &quot;/Users/kai/Developer/kxm/prj/Raspiator/Makefile&quot;  VERBOSE=1 rebuild_cache" />
            <CompileFile command="/usr/bin/make -f &quot;/Users/kai/Developer/kxm/prj/Raspiator/Makefile&quot;  VERBOSE=1 &quot;$file&quot;" />
            <Clean command="/usr/bin/make -f &quot;/Users/kai/Developer/kxm/prj/Raspiator/Makefile&quot;  VERBOSE=1 clean" />
            <DistClean command="/usr/bin/make -f &quot;/Users/kai/Developer/kxm/prj/Raspiator/Makefile&quot;  VERBOSE=1 clean" />
         </MakeCommands>
      </Target>
      <Target title="raspiator">
         <Option output="/Users/kai/Developer/kxm/prj/Raspiator/raspiator" prefix_auto="0" extension_auto="0" />
         <Option working_dir="/Users/kai/Developer/kxm/prj/Raspiator" />
         <Option object_output="./" />
         <Option type="1" />
         <Option compiler="gcc" />
         <Compiler>
            <Add directory="/Users/kai/Developer/kxm/prj/Raspiator/src" />
         </Compiler>
         <MakeCommands>
            <Build command="/usr/bin/make -f &quot;/Users/kai/Developer/kxm/prj/Raspiator/Makefile&quot;  VERBOSE=1 raspiator" />
            <CompileFile command="/usr/bin/make -f &quot;/Users/kai/Developer/kxm/prj/Raspiator/Makefile&quot;  VERBOSE=1 &quot;$file&quot;" />
            <Clean command="/usr/bin/make -f &quot;/Users/kai/Developer/kxm/prj/Raspiator/Makefile&quot;  VERBOSE=1 clean" />
            <DistClean command="/usr/bin/make -f &quot;/Users/kai/Developer/kxm/prj/Raspiator/Makefile&quot;  VERBOSE=1 clean" />
         </MakeCommands>
      </Target>
      <Target title="raspiator/fast">
         <Option output="/Users/kai/Developer/kxm/prj/Raspiator/raspiator" prefix_auto="0" extension_auto="0" />
         <Option working_dir="/Users/kai/Developer/kxm/prj/Raspiator" />
         <Option object_output="./" />
         <Option type="1" />
         <Option compiler="gcc" />
         <Compiler>
            <Add directory="/Users/kai/Developer/kxm/prj/Raspiator/src" />
         </Compiler>
         <MakeCommands>
            <Build command="/usr/bin/make -f &quot;/Users/kai/Developer/kxm/prj/Raspiator/Makefile&quot;  VERBOSE=1 raspiator/fast" />
            <CompileFile command="/usr/bin/make -f &quot;/Users/kai/Developer/kxm/prj/Raspiator/Makefile&quot;  VERBOSE=1 &quot;$file&quot;" />
            <Clean command="/usr/bin/make -f &quot;/Users/kai/Developer/kxm/prj/Raspiator/Makefile&quot;  VERBOSE=1 clean" />
            <DistClean command="/usr/bin/make -f &quot;/Users/kai/Developer/kxm/prj/Raspiator/Makefile&quot;  VERBOSE=1 clean" />
         </MakeCommands>
      </Target>
      </Build>
      <Unit filename="/Users/kai/Developer/kxm/prj/Raspiator/src/triangle.c">
      </Unit>
      <Unit filename="/Users/kai/Developer/kxm/prj/Raspiator/src/cube_texture_and_coords.h">
      </Unit>
      <Unit filename="/Users/kai/Developer/kxm/prj/Raspiator/CMakeLists.txt">
          <Option virtualFolder="CMake Files\" />
      </Unit>
   </Project>
</CodeBlocks_project_file>
